// !$*UTF8*$!
{
	archiveVersion = 1;
	classes = {
	};
	objectVersion = 46;
	objects = {

/* Begin PBXBuildFile section */
		320568061C71F96900351D24 /* FileLogger.m in Sources */ = {isa = PBXBuildFile; fileRef = 320568051C71F96900351D24 /* FileLogger.m */; };
		320685831BBD468000FAAC56 /* CommonNotificationNames.m in Sources */ = {isa = PBXBuildFile; fileRef = 3206857E1BBD468000FAAC56 /* CommonNotificationNames.m */; };
		320685841BBD468000FAAC56 /* CommonUtility.m in Sources */ = {isa = PBXBuildFile; fileRef = 320685801BBD468000FAAC56 /* CommonUtility.m */; };
		320685851BBD468000FAAC56 /* NetworkSocketHandler.m in Sources */ = {isa = PBXBuildFile; fileRef = 320685821BBD468000FAAC56 /* NetworkSocketHandler.m */; };
		321325731C3AB5440059BC97 /* VUVLicensesView.m in Sources */ = {isa = PBXBuildFile; fileRef = 321325721C3AB5440059BC97 /* VUVLicensesView.m */; };
		3213257F1C3BD41E0059BC97 /* SplashScreen.xib in Resources */ = {isa = PBXBuildFile; fileRef = 3213257E1C3BD41E0059BC97 /* SplashScreen.xib */; };
		321325821C3BD4EE0059BC97 /* SplashScreen.m in Sources */ = {isa = PBXBuildFile; fileRef = 321325811C3BD4EE0059BC97 /* SplashScreen.m */; };
		321325851C3BF9D80059BC97 /* VUVImageUtility.m in Sources */ = {isa = PBXBuildFile; fileRef = 321325841C3BF9D80059BC97 /* VUVImageUtility.m */; };
		321325881C3BFE970059BC97 /* VUVVideoOutput.m in Sources */ = {isa = PBXBuildFile; fileRef = 321325871C3BFE970059BC97 /* VUVVideoOutput.m */; };
		3213258B1C3C0ABB0059BC97 /* VUVAudioOutput.m in Sources */ = {isa = PBXBuildFile; fileRef = 3213258A1C3C0ABB0059BC97 /* VUVAudioOutput.m */; };
		322E10331C57A661008C7636 /* VUVVideoTrimmer.m in Sources */ = {isa = PBXBuildFile; fileRef = 322E10321C57A661008C7636 /* VUVVideoTrimmer.m */; };
		323CFABB1BAB0556003BFF22 /* Foundation.framework in Frameworks */ = {isa = PBXBuildFile; fileRef = 323CFABA1BAB0556003BFF22 /* Foundation.framework */; };
		323CFABD1BAB05BD003BFF22 /* UIKit.framework in Frameworks */ = {isa = PBXBuildFile; fileRef = 323CFABC1BAB05BD003BFF22 /* UIKit.framework */; };
		324CB1951DB50E070011B32B /* VULCAM_eyeTests.swift in Sources */ = {isa = PBXBuildFile; fileRef = 324CB1941DB50E070011B32B /* VULCAM_eyeTests.swift */; };
		3256ACAF1BD1379300D06327 /* VUVCamNotificationNames.m in Sources */ = {isa = PBXBuildFile; fileRef = 3256ACAE1BD1379300D06327 /* VUVCamNotificationNames.m */; };
		325E862F1BAB0A610051C4DA /* CommandType.m in Sources */ = {isa = PBXBuildFile; fileRef = 325E862C1BAB0A610051C4DA /* CommandType.m */; };
		32855ACC1B95C6BC003CC551 /* VUVAVCaptureManager.m in Sources */ = {isa = PBXBuildFile; fileRef = 32855AC21B95C6BC003CC551 /* VUVAVCaptureManager.m */; };
		32855ACE1B95C6BC003CC551 /* VUVCameraProtocol.m in Sources */ = {isa = PBXBuildFile; fileRef = 32855AC61B95C6BC003CC551 /* VUVCameraProtocol.m */; };
		32855ACF1B95C6BC003CC551 /* VUVCameraSettings.m in Sources */ = {isa = PBXBuildFile; fileRef = 32855AC81B95C6BC003CC551 /* VUVCameraSettings.m */; };
		32855AD01B95C6BC003CC551 /* Main.storyboard in Resources */ = {isa = PBXBuildFile; fileRef = 32855AC91B95C6BC003CC551 /* Main.storyboard */; };
		32855AD11B95C6BC003CC551 /* VUVStreamServer.m in Sources */ = {isa = PBXBuildFile; fileRef = 32855ACB1B95C6BC003CC551 /* VUVStreamServer.m */; };
		32855AE71B95C6F0003CC551 /* Command.m in Sources */ = {isa = PBXBuildFile; fileRef = 32855AD31B95C6F0003CC551 /* Command.m */; };
		32855AE81B95C6F0003CC551 /* Packet.m in Sources */ = {isa = PBXBuildFile; fileRef = 32855ADA1B95C6F0003CC551 /* Packet.m */; };
		32855AE91B95C6F0003CC551 /* VVProtocol.m in Sources */ = {isa = PBXBuildFile; fileRef = 32855ADB1B95C6F0003CC551 /* VVProtocol.m */; };
		32855AEA1B95C6F0003CC551 /* ProtocolUtility.m in Sources */ = {isa = PBXBuildFile; fileRef = 32855ADE1B95C6F0003CC551 /* ProtocolUtility.m */; };
		32855AED1B95C6F0003CC551 /* CommandWithValue.m in Sources */ = {isa = PBXBuildFile; fileRef = 32855AE21B95C6F0003CC551 /* CommandWithValue.m */; };
		32855AEE1B95C6F0003CC551 /* MessageHandler.m in Sources */ = {isa = PBXBuildFile; fileRef = 32855AE31B95C6F0003CC551 /* MessageHandler.m */; };
		32AE56301C5B700000844C58 /* CommonJSONKeys.m in Sources */ = {isa = PBXBuildFile; fileRef = 32AE562F1C5B700000844C58 /* CommonJSONKeys.m */; };
		32DF0F391B95C4E000467255 /* main.m in Sources */ = {isa = PBXBuildFile; fileRef = 32DF0F381B95C4E000467255 /* main.m */; };
		32DF0F3C1B95C4E000467255 /* VUVAppDelegate.m in Sources */ = {isa = PBXBuildFile; fileRef = 32DF0F3B1B95C4E000467255 /* VUVAppDelegate.m */; };
		32DF0F3F1B95C4E000467255 /* VUVViewController.m in Sources */ = {isa = PBXBuildFile; fileRef = 32DF0F3E1B95C4E000467255 /* VUVViewController.m */; };
		32DF0F441B95C4E000467255 /* Images.xcassets in Resources */ = {isa = PBXBuildFile; fileRef = 32DF0F431B95C4E000467255 /* Images.xcassets */; };
		34683A0E7FB6FEC744FE05E4 /* libPods-VULCAM eye.a in Frameworks */ = {isa = PBXBuildFile; fileRef = 429884979BEE1C52F58369C2 /* libPods-VULCAM eye.a */; };
		E0E244531D915BCB00438F74 /* AboutViewController.swift in Sources */ = {isa = PBXBuildFile; fileRef = E0E244521D915BCB00438F74 /* AboutViewController.swift */; };
		E0E244551D915C2800438F74 /* AboutView.storyboard in Resources */ = {isa = PBXBuildFile; fileRef = E0E244541D915C2800438F74 /* AboutView.storyboard */; };
/* End PBXBuildFile section */

/* Begin PBXContainerItemProxy section */
		324CB1971DB50E070011B32B /* PBXContainerItemProxy */ = {
			isa = PBXContainerItemProxy;
			containerPortal = 32DF0F2B1B95C4E000467255 /* Project object */;
			proxyType = 1;
			remoteGlobalIDString = 32DF0F321B95C4E000467255;
			remoteInfo = "VULCAM eye";
		};
/* End PBXContainerItemProxy section */

/* Begin PBXFileReference section */
		0574276F78C5040100A8F126 /* Pods.debug.xcconfig */ = {isa = PBXFileReference; includeInIndex = 1; lastKnownFileType = text.xcconfig; name = Pods.debug.xcconfig; path = "Pods/Target Support Files/Pods/Pods.debug.xcconfig"; sourceTree = "<group>"; };
		16E60DD7E757A37E8CCF78B1 /* Pods-VULCAM eye.release.xcconfig */ = {isa = PBXFileReference; includeInIndex = 1; lastKnownFileType = text.xcconfig; name = "Pods-VULCAM eye.release.xcconfig"; path = "Pods/Target Support Files/Pods-VULCAM eye/Pods-VULCAM eye.release.xcconfig"; sourceTree = "<group>"; };
		320568041C71F96900351D24 /* FileLogger.h */ = {isa = PBXFileReference; fileEncoding = 4; lastKnownFileType = sourcecode.c.h; path = FileLogger.h; sourceTree = "<group>"; };
		320568051C71F96900351D24 /* FileLogger.m */ = {isa = PBXFileReference; fileEncoding = 4; lastKnownFileType = sourcecode.c.objc; path = FileLogger.m; sourceTree = "<group>"; };
		3206857D1BBD468000FAAC56 /* CommonNotificationNames.h */ = {isa = PBXFileReference; fileEncoding = 4; lastKnownFileType = sourcecode.c.h; path = CommonNotificationNames.h; sourceTree = "<group>"; };
		3206857E1BBD468000FAAC56 /* CommonNotificationNames.m */ = {isa = PBXFileReference; fileEncoding = 4; lastKnownFileType = sourcecode.c.objc; path = CommonNotificationNames.m; sourceTree = "<group>"; };
		3206857F1BBD468000FAAC56 /* CommonUtility.h */ = {isa = PBXFileReference; fileEncoding = 4; lastKnownFileType = sourcecode.c.h; path = CommonUtility.h; sourceTree = "<group>"; };
		320685801BBD468000FAAC56 /* CommonUtility.m */ = {isa = PBXFileReference; fileEncoding = 4; lastKnownFileType = sourcecode.c.objc; path = CommonUtility.m; sourceTree = "<group>"; };
		320685811BBD468000FAAC56 /* NetworkSocketHandler.h */ = {isa = PBXFileReference; fileEncoding = 4; lastKnownFileType = sourcecode.c.h; path = NetworkSocketHandler.h; sourceTree = "<group>"; };
		320685821BBD468000FAAC56 /* NetworkSocketHandler.m */ = {isa = PBXFileReference; fileEncoding = 4; lastKnownFileType = sourcecode.c.objc; path = NetworkSocketHandler.m; sourceTree = "<group>"; };
		321325711C3AB5440059BC97 /* VUVLicensesView.h */ = {isa = PBXFileReference; fileEncoding = 4; lastKnownFileType = sourcecode.c.h; path = VUVLicensesView.h; sourceTree = "<group>"; };
		321325721C3AB5440059BC97 /* VUVLicensesView.m */ = {isa = PBXFileReference; fileEncoding = 4; lastKnownFileType = sourcecode.c.objc; path = VUVLicensesView.m; sourceTree = "<group>"; };
		3213257E1C3BD41E0059BC97 /* SplashScreen.xib */ = {isa = PBXFileReference; fileEncoding = 4; lastKnownFileType = file.xib; path = SplashScreen.xib; sourceTree = "<group>"; };
		321325801C3BD4EE0059BC97 /* SplashScreen.h */ = {isa = PBXFileReference; fileEncoding = 4; lastKnownFileType = sourcecode.c.h; path = SplashScreen.h; sourceTree = "<group>"; };
		321325811C3BD4EE0059BC97 /* SplashScreen.m */ = {isa = PBXFileReference; fileEncoding = 4; lastKnownFileType = sourcecode.c.objc; path = SplashScreen.m; sourceTree = "<group>"; };
		321325831C3BF9D80059BC97 /* VUVImageUtility.h */ = {isa = PBXFileReference; fileEncoding = 4; lastKnownFileType = sourcecode.c.h; path = VUVImageUtility.h; sourceTree = "<group>"; };
		321325841C3BF9D80059BC97 /* VUVImageUtility.m */ = {isa = PBXFileReference; fileEncoding = 4; lastKnownFileType = sourcecode.c.objc; path = VUVImageUtility.m; sourceTree = "<group>"; };
		321325861C3BFE970059BC97 /* VUVVideoOutput.h */ = {isa = PBXFileReference; fileEncoding = 4; lastKnownFileType = sourcecode.c.h; path = VUVVideoOutput.h; sourceTree = "<group>"; };
		321325871C3BFE970059BC97 /* VUVVideoOutput.m */ = {isa = PBXFileReference; fileEncoding = 4; lastKnownFileType = sourcecode.c.objc; path = VUVVideoOutput.m; sourceTree = "<group>"; };
		321325891C3C0ABB0059BC97 /* VUVAudioOutput.h */ = {isa = PBXFileReference; fileEncoding = 4; lastKnownFileType = sourcecode.c.h; path = VUVAudioOutput.h; sourceTree = "<group>"; };
		3213258A1C3C0ABB0059BC97 /* VUVAudioOutput.m */ = {isa = PBXFileReference; fileEncoding = 4; lastKnownFileType = sourcecode.c.objc; path = VUVAudioOutput.m; sourceTree = "<group>"; };
		322E10311C57A661008C7636 /* VUVVideoTrimmer.h */ = {isa = PBXFileReference; fileEncoding = 4; lastKnownFileType = sourcecode.c.h; path = VUVVideoTrimmer.h; sourceTree = "<group>"; };
		322E10321C57A661008C7636 /* VUVVideoTrimmer.m */ = {isa = PBXFileReference; fileEncoding = 4; lastKnownFileType = sourcecode.c.objc; path = VUVVideoTrimmer.m; sourceTree = "<group>"; };
		323CFABA1BAB0556003BFF22 /* Foundation.framework */ = {isa = PBXFileReference; lastKnownFileType = wrapper.framework; name = Foundation.framework; path = System/Library/Frameworks/Foundation.framework; sourceTree = SDKROOT; };
		323CFABC1BAB05BD003BFF22 /* UIKit.framework */ = {isa = PBXFileReference; lastKnownFileType = wrapper.framework; name = UIKit.framework; path = System/Library/Frameworks/UIKit.framework; sourceTree = SDKROOT; };
		324CB1921DB50E070011B32B /* VULCAM eyeTests.xctest */ = {isa = PBXFileReference; explicitFileType = wrapper.cfbundle; includeInIndex = 0; path = "VULCAM eyeTests.xctest"; sourceTree = BUILT_PRODUCTS_DIR; };
		324CB1941DB50E070011B32B /* VULCAM_eyeTests.swift */ = {isa = PBXFileReference; lastKnownFileType = sourcecode.swift; path = VULCAM_eyeTests.swift; sourceTree = "<group>"; };
		324CB1961DB50E070011B32B /* Info.plist */ = {isa = PBXFileReference; lastKnownFileType = text.plist.xml; path = Info.plist; sourceTree = "<group>"; };
		3256ACAE1BD1379300D06327 /* VUVCamNotificationNames.m */ = {isa = PBXFileReference; fileEncoding = 4; lastKnownFileType = sourcecode.c.objc; path = VUVCamNotificationNames.m; sourceTree = "<group>"; };
		3256ACB01BD137AA00D06327 /* VUVCamNotificationNames.h */ = {isa = PBXFileReference; lastKnownFileType = sourcecode.c.h; path = VUVCamNotificationNames.h; sourceTree = "<group>"; };
		325E862C1BAB0A610051C4DA /* CommandType.m */ = {isa = PBXFileReference; fileEncoding = 4; lastKnownFileType = sourcecode.c.objc; path = CommandType.m; sourceTree = "<group>"; };
		3267A6201C746DEE00540CC2 /* vulCam-eye-Prefix.pch */ = {isa = PBXFileReference; lastKnownFileType = sourcecode.c.h; path = "vulCam-eye-Prefix.pch"; sourceTree = "<group>"; };
		32855AC11B95C6BC003CC551 /* VUVAVCaptureManager.h */ = {isa = PBXFileReference; fileEncoding = 4; lastKnownFileType = sourcecode.c.h; path = VUVAVCaptureManager.h; sourceTree = "<group>"; };
		32855AC21B95C6BC003CC551 /* VUVAVCaptureManager.m */ = {isa = PBXFileReference; fileEncoding = 4; lastKnownFileType = sourcecode.c.objc; path = VUVAVCaptureManager.m; sourceTree = "<group>"; };
		32855AC51B95C6BC003CC551 /* VUVCameraProtocol.h */ = {isa = PBXFileReference; fileEncoding = 4; lastKnownFileType = sourcecode.c.h; path = VUVCameraProtocol.h; sourceTree = "<group>"; };
		32855AC61B95C6BC003CC551 /* VUVCameraProtocol.m */ = {isa = PBXFileReference; fileEncoding = 4; lastKnownFileType = sourcecode.c.objc; path = VUVCameraProtocol.m; sourceTree = "<group>"; };
		32855AC71B95C6BC003CC551 /* VUVCameraSettings.h */ = {isa = PBXFileReference; fileEncoding = 4; lastKnownFileType = sourcecode.c.h; path = VUVCameraSettings.h; sourceTree = "<group>"; };
		32855AC81B95C6BC003CC551 /* VUVCameraSettings.m */ = {isa = PBXFileReference; fileEncoding = 4; lastKnownFileType = sourcecode.c.objc; path = VUVCameraSettings.m; sourceTree = "<group>"; };
		32855AC91B95C6BC003CC551 /* Main.storyboard */ = {isa = PBXFileReference; fileEncoding = 4; lastKnownFileType = file.storyboard; path = Main.storyboard; sourceTree = "<group>"; };
		32855ACA1B95C6BC003CC551 /* VUVStreamServer.h */ = {isa = PBXFileReference; fileEncoding = 4; lastKnownFileType = sourcecode.c.h; path = VUVStreamServer.h; sourceTree = "<group>"; };
		32855ACB1B95C6BC003CC551 /* VUVStreamServer.m */ = {isa = PBXFileReference; fileEncoding = 4; lastKnownFileType = sourcecode.c.objc; path = VUVStreamServer.m; sourceTree = "<group>"; };
		32855AD31B95C6F0003CC551 /* Command.m */ = {isa = PBXFileReference; fileEncoding = 4; lastKnownFileType = sourcecode.c.objc; path = Command.m; sourceTree = "<group>"; };
		32855AD41B95C6F0003CC551 /* CommandType.h */ = {isa = PBXFileReference; fileEncoding = 4; lastKnownFileType = sourcecode.c.h; path = CommandType.h; sourceTree = "<group>"; };
		32855AD51B95C6F0003CC551 /* CommandWithValue.h */ = {isa = PBXFileReference; fileEncoding = 4; lastKnownFileType = sourcecode.c.h; path = CommandWithValue.h; sourceTree = "<group>"; };
		32855AD61B95C6F0003CC551 /* MessageHandler.h */ = {isa = PBXFileReference; fileEncoding = 4; lastKnownFileType = sourcecode.c.h; path = MessageHandler.h; sourceTree = "<group>"; };
		32855AD71B95C6F0003CC551 /* Packet.h */ = {isa = PBXFileReference; fileEncoding = 4; lastKnownFileType = sourcecode.c.h; path = Packet.h; sourceTree = "<group>"; };
		32855AD91B95C6F0003CC551 /* Command.h */ = {isa = PBXFileReference; fileEncoding = 4; lastKnownFileType = sourcecode.c.h; path = Command.h; sourceTree = "<group>"; };
		32855ADA1B95C6F0003CC551 /* Packet.m */ = {isa = PBXFileReference; fileEncoding = 4; lastKnownFileType = sourcecode.c.objc; path = Packet.m; sourceTree = "<group>"; };
		32855ADB1B95C6F0003CC551 /* VVProtocol.m */ = {isa = PBXFileReference; fileEncoding = 4; lastKnownFileType = sourcecode.c.objc; path = VVProtocol.m; sourceTree = "<group>"; };
		32855ADC1B95C6F0003CC551 /* VVProtocol.h */ = {isa = PBXFileReference; fileEncoding = 4; lastKnownFileType = sourcecode.c.h; path = VVProtocol.h; sourceTree = "<group>"; };
		32855ADD1B95C6F0003CC551 /* ProtocolUtility.h */ = {isa = PBXFileReference; fileEncoding = 4; lastKnownFileType = sourcecode.c.h; path = ProtocolUtility.h; sourceTree = "<group>"; };
		32855ADE1B95C6F0003CC551 /* ProtocolUtility.m */ = {isa = PBXFileReference; fileEncoding = 4; lastKnownFileType = sourcecode.c.objc; path = ProtocolUtility.m; sourceTree = "<group>"; };
		32855AE21B95C6F0003CC551 /* CommandWithValue.m */ = {isa = PBXFileReference; fileEncoding = 4; lastKnownFileType = sourcecode.c.objc; path = CommandWithValue.m; sourceTree = "<group>"; };
		32855AE31B95C6F0003CC551 /* MessageHandler.m */ = {isa = PBXFileReference; fileEncoding = 4; lastKnownFileType = sourcecode.c.objc; path = MessageHandler.m; sourceTree = "<group>"; };
		32AE562E1C5B700000844C58 /* CommonJSONKeys.h */ = {isa = PBXFileReference; fileEncoding = 4; lastKnownFileType = sourcecode.c.h; path = CommonJSONKeys.h; sourceTree = "<group>"; };
		32AE562F1C5B700000844C58 /* CommonJSONKeys.m */ = {isa = PBXFileReference; fileEncoding = 4; lastKnownFileType = sourcecode.c.objc; path = CommonJSONKeys.m; sourceTree = "<group>"; };
		32DF0F331B95C4E000467255 /* VULCAM eye.app */ = {isa = PBXFileReference; explicitFileType = wrapper.application; includeInIndex = 0; path = "VULCAM eye.app"; sourceTree = BUILT_PRODUCTS_DIR; };
		32DF0F371B95C4E000467255 /* Info.plist */ = {isa = PBXFileReference; lastKnownFileType = text.plist.xml; path = Info.plist; sourceTree = "<group>"; };
		32DF0F381B95C4E000467255 /* main.m */ = {isa = PBXFileReference; lastKnownFileType = sourcecode.c.objc; path = main.m; sourceTree = "<group>"; };
		32DF0F3A1B95C4E000467255 /* VUVAppDelegate.h */ = {isa = PBXFileReference; lastKnownFileType = sourcecode.c.h; path = VUVAppDelegate.h; sourceTree = "<group>"; };
		32DF0F3B1B95C4E000467255 /* VUVAppDelegate.m */ = {isa = PBXFileReference; lastKnownFileType = sourcecode.c.objc; path = VUVAppDelegate.m; sourceTree = "<group>"; };
		32DF0F3D1B95C4E000467255 /* VUVViewController.h */ = {isa = PBXFileReference; lastKnownFileType = sourcecode.c.h; path = VUVViewController.h; sourceTree = "<group>"; };
		32DF0F3E1B95C4E000467255 /* VUVViewController.m */ = {isa = PBXFileReference; lastKnownFileType = sourcecode.c.objc; path = VUVViewController.m; sourceTree = "<group>"; };
		32DF0F431B95C4E000467255 /* Images.xcassets */ = {isa = PBXFileReference; lastKnownFileType = folder.assetcatalog; path = Images.xcassets; sourceTree = "<group>"; };
		40D10F2B7CB5532A6B712E60 /* libPods.a */ = {isa = PBXFileReference; explicitFileType = archive.ar; includeInIndex = 0; path = libPods.a; sourceTree = BUILT_PRODUCTS_DIR; };
		429884979BEE1C52F58369C2 /* libPods-VULCAM eye.a */ = {isa = PBXFileReference; explicitFileType = archive.ar; includeInIndex = 0; path = "libPods-VULCAM eye.a"; sourceTree = BUILT_PRODUCTS_DIR; };
		B406DE5C4F63B2085A0427F8 /* Pods-VULCAM eye.debug.xcconfig */ = {isa = PBXFileReference; includeInIndex = 1; lastKnownFileType = text.xcconfig; name = "Pods-VULCAM eye.debug.xcconfig"; path = "Pods/Target Support Files/Pods-VULCAM eye/Pods-VULCAM eye.debug.xcconfig"; sourceTree = "<group>"; };
		E0E244511D915BCB00438F74 /* VULCAM eye-Bridging-Header.h */ = {isa = PBXFileReference; lastKnownFileType = sourcecode.c.h; path = "VULCAM eye-Bridging-Header.h"; sourceTree = "<group>"; };
		E0E244521D915BCB00438F74 /* AboutViewController.swift */ = {isa = PBXFileReference; fileEncoding = 4; lastKnownFileType = sourcecode.swift; name = AboutViewController.swift; path = "VULCAM eye/AboutViewController.swift"; sourceTree = SOURCE_ROOT; };
		E0E244541D915C2800438F74 /* AboutView.storyboard */ = {isa = PBXFileReference; fileEncoding = 4; lastKnownFileType = file.storyboard; name = AboutView.storyboard; path = "VULCAM eye/AboutView.storyboard"; sourceTree = SOURCE_ROOT; };
		E0F3FE66C916650BC3DEC008 /* Pods.release.xcconfig */ = {isa = PBXFileReference; includeInIndex = 1; lastKnownFileType = text.xcconfig; name = Pods.release.xcconfig; path = "Pods/Target Support Files/Pods/Pods.release.xcconfig"; sourceTree = "<group>"; };
/* End PBXFileReference section */

/* Begin PBXFrameworksBuildPhase section */
		324CB18F1DB50E070011B32B /* Frameworks */ = {
			isa = PBXFrameworksBuildPhase;
			buildActionMask = 2147483647;
			files = (
			);
			runOnlyForDeploymentPostprocessing = 0;
		};
		32DF0F301B95C4E000467255 /* Frameworks */ = {
			isa = PBXFrameworksBuildPhase;
			buildActionMask = 2147483647;
			files = (
				323CFABD1BAB05BD003BFF22 /* UIKit.framework in Frameworks */,
				323CFABB1BAB0556003BFF22 /* Foundation.framework in Frameworks */,
				34683A0E7FB6FEC744FE05E4 /* libPods-VULCAM eye.a in Frameworks */,
			);
			runOnlyForDeploymentPostprocessing = 0;
		};
/* End PBXFrameworksBuildPhase section */

/* Begin PBXGroup section */
		0D9B06C1738086AF76B66B05 /* Frameworks */ = {
			isa = PBXGroup;
			children = (
				323CFABC1BAB05BD003BFF22 /* UIKit.framework */,
				323CFABA1BAB0556003BFF22 /* Foundation.framework */,
				40D10F2B7CB5532A6B712E60 /* libPods.a */,
				429884979BEE1C52F58369C2 /* libPods-VULCAM eye.a */,
			);
			name = Frameworks;
			sourceTree = "<group>";
		};
		168C38C7C373001856A71E59 /* Pods */ = {
			isa = PBXGroup;
			children = (
				0574276F78C5040100A8F126 /* Pods.debug.xcconfig */,
				E0F3FE66C916650BC3DEC008 /* Pods.release.xcconfig */,
				B406DE5C4F63B2085A0427F8 /* Pods-VULCAM eye.debug.xcconfig */,
				16E60DD7E757A37E8CCF78B1 /* Pods-VULCAM eye.release.xcconfig */,
			);
			name = Pods;
			sourceTree = "<group>";
		};
		324CB1931DB50E070011B32B /* VULCAM eyeTests */ = {
			isa = PBXGroup;
			children = (
				324CB1941DB50E070011B32B /* VULCAM_eyeTests.swift */,
				324CB1961DB50E070011B32B /* Info.plist */,
			);
			path = "VULCAM eyeTests";
			sourceTree = "<group>";
		};
		32855AD21B95C6F0003CC551 /* Common */ = {
			isa = PBXGroup;
			children = (
				320568041C71F96900351D24 /* FileLogger.h */,
				320568051C71F96900351D24 /* FileLogger.m */,
				32AE562E1C5B700000844C58 /* CommonJSONKeys.h */,
				32AE562F1C5B700000844C58 /* CommonJSONKeys.m */,
				321325801C3BD4EE0059BC97 /* SplashScreen.h */,
				321325811C3BD4EE0059BC97 /* SplashScreen.m */,
				3206857D1BBD468000FAAC56 /* CommonNotificationNames.h */,
				3206857E1BBD468000FAAC56 /* CommonNotificationNames.m */,
				3206857F1BBD468000FAAC56 /* CommonUtility.h */,
				320685801BBD468000FAAC56 /* CommonUtility.m */,
				320685811BBD468000FAAC56 /* NetworkSocketHandler.h */,
				320685821BBD468000FAAC56 /* NetworkSocketHandler.m */,
				32855AD91B95C6F0003CC551 /* Command.h */,
				32855AD31B95C6F0003CC551 /* Command.m */,
				32855AD41B95C6F0003CC551 /* CommandType.h */,
				325E862C1BAB0A610051C4DA /* CommandType.m */,
				32855AD51B95C6F0003CC551 /* CommandWithValue.h */,
				32855AE21B95C6F0003CC551 /* CommandWithValue.m */,
				32855AD61B95C6F0003CC551 /* MessageHandler.h */,
				32855AE31B95C6F0003CC551 /* MessageHandler.m */,
				32855AD71B95C6F0003CC551 /* Packet.h */,
				32855ADA1B95C6F0003CC551 /* Packet.m */,
				32855ADB1B95C6F0003CC551 /* VVProtocol.m */,
				32855ADC1B95C6F0003CC551 /* VVProtocol.h */,
				32855ADD1B95C6F0003CC551 /* ProtocolUtility.h */,
				32855ADE1B95C6F0003CC551 /* ProtocolUtility.m */,
			);
			path = Common;
			sourceTree = "<group>";
		};
		32DF0F2A1B95C4E000467255 = {
			isa = PBXGroup;
			children = (
				32DF0F351B95C4E000467255 /* VULCAM eye */,
				324CB1931DB50E070011B32B /* VULCAM eyeTests */,
				32DF0F341B95C4E000467255 /* Products */,
				168C38C7C373001856A71E59 /* Pods */,
				0D9B06C1738086AF76B66B05 /* Frameworks */,
			);
			sourceTree = "<group>";
		};
		32DF0F341B95C4E000467255 /* Products */ = {
			isa = PBXGroup;
			children = (
				32DF0F331B95C4E000467255 /* VULCAM eye.app */,
				324CB1921DB50E070011B32B /* VULCAM eyeTests.xctest */,
			);
			name = Products;
			sourceTree = "<group>";
		};
		32DF0F351B95C4E000467255 /* VULCAM eye */ = {
			isa = PBXGroup;
			children = (
				32855AD21B95C6F0003CC551 /* Common */,
				32855AC11B95C6BC003CC551 /* VUVAVCaptureManager.h */,
				32855AC21B95C6BC003CC551 /* VUVAVCaptureManager.m */,
				32855AC51B95C6BC003CC551 /* VUVCameraProtocol.h */,
				32855AC61B95C6BC003CC551 /* VUVCameraProtocol.m */,
				32855AC71B95C6BC003CC551 /* VUVCameraSettings.h */,
				32855AC81B95C6BC003CC551 /* VUVCameraSettings.m */,
				32855AC91B95C6BC003CC551 /* Main.storyboard */,
				32855ACA1B95C6BC003CC551 /* VUVStreamServer.h */,
				32855ACB1B95C6BC003CC551 /* VUVStreamServer.m */,
				32DF0F3A1B95C4E000467255 /* VUVAppDelegate.h */,
				32DF0F3B1B95C4E000467255 /* VUVAppDelegate.m */,
				32DF0F3D1B95C4E000467255 /* VUVViewController.h */,
				32DF0F3E1B95C4E000467255 /* VUVViewController.m */,
				321325711C3AB5440059BC97 /* VUVLicensesView.h */,
				E0E244521D915BCB00438F74 /* AboutViewController.swift */,
				E0E244541D915C2800438F74 /* AboutView.storyboard */,
				321325721C3AB5440059BC97 /* VUVLicensesView.m */,
				3256ACB01BD137AA00D06327 /* VUVCamNotificationNames.h */,
				3256ACAE1BD1379300D06327 /* VUVCamNotificationNames.m */,
				3213257E1C3BD41E0059BC97 /* SplashScreen.xib */,
				321325831C3BF9D80059BC97 /* VUVImageUtility.h */,
				321325841C3BF9D80059BC97 /* VUVImageUtility.m */,
				321325861C3BFE970059BC97 /* VUVVideoOutput.h */,
				321325871C3BFE970059BC97 /* VUVVideoOutput.m */,
				321325891C3C0ABB0059BC97 /* VUVAudioOutput.h */,
				3213258A1C3C0ABB0059BC97 /* VUVAudioOutput.m */,
				322E10311C57A661008C7636 /* VUVVideoTrimmer.h */,
				322E10321C57A661008C7636 /* VUVVideoTrimmer.m */,
				32DF0F431B95C4E000467255 /* Images.xcassets */,
				32DF0F361B95C4E000467255 /* Supporting Files */,
				E0E244511D915BCB00438F74 /* VULCAM eye-Bridging-Header.h */,
			);
			name = "VULCAM eye";
			path = "vulCam eye";
			sourceTree = "<group>";
		};
		32DF0F361B95C4E000467255 /* Supporting Files */ = {
			isa = PBXGroup;
			children = (
				32DF0F371B95C4E000467255 /* Info.plist */,
				32DF0F381B95C4E000467255 /* main.m */,
				3267A6201C746DEE00540CC2 /* vulCam-eye-Prefix.pch */,
			);
			name = "Supporting Files";
			sourceTree = "<group>";
		};
/* End PBXGroup section */

/* Begin PBXNativeTarget section */
		324CB1911DB50E070011B32B /* VULCAM eyeTests */ = {
			isa = PBXNativeTarget;
			buildConfigurationList = 324CB1991DB50E070011B32B /* Build configuration list for PBXNativeTarget "VULCAM eyeTests" */;
			buildPhases = (
				324CB18E1DB50E070011B32B /* Sources */,
				324CB18F1DB50E070011B32B /* Frameworks */,
				324CB1901DB50E070011B32B /* Resources */,
			);
			buildRules = (
			);
			dependencies = (
				324CB1981DB50E070011B32B /* PBXTargetDependency */,
			);
			name = "VULCAM eyeTests";
			productName = "VULCAM eyeTests";
			productReference = 324CB1921DB50E070011B32B /* VULCAM eyeTests.xctest */;
			productType = "com.apple.product-type.bundle.unit-test";
		};
		32DF0F321B95C4E000467255 /* VULCAM eye */ = {
			isa = PBXNativeTarget;
			buildConfigurationList = 32DF0F561B95C4E000467255 /* Build configuration list for PBXNativeTarget "VULCAM eye" */;
			buildPhases = (
				F2DD8C832C38BBDCF43E6B37 /* [CP] Check Pods Manifest.lock */,
				32DF0F2F1B95C4E000467255 /* Sources */,
				32DF0F301B95C4E000467255 /* Frameworks */,
				32855AF51B95D569003CC551 /* ShellScript */,
				32DF0F311B95C4E000467255 /* Resources */,
				F2C353BC0A7737013211D891 /* [CP] Copy Pods Resources */,
				32855AF41B95D4DA003CC551 /* Set Build Number */,
				4F682504FEAA2B6A45C1DBE8 /* [CP] Embed Pods Frameworks */,
			);
			buildRules = (
			);
			dependencies = (
			);
			name = "VULCAM eye";
			productName = "ubiQVue Cam";
			productReference = 32DF0F331B95C4E000467255 /* VULCAM eye.app */;
			productType = "com.apple.product-type.application";
		};
/* End PBXNativeTarget section */

/* Begin PBXProject section */
		32DF0F2B1B95C4E000467255 /* Project object */ = {
			isa = PBXProject;
			attributes = {
				LastSwiftUpdateCheck = 0800;
				LastUpgradeCheck = 0800;
				ORGANIZATIONNAME = "Bitwise Oy";
				TargetAttributes = {
					324CB1911DB50E070011B32B = {
						CreatedOnToolsVersion = 8.0;
						DevelopmentTeam = DGW49RWNU5;
						LastSwiftMigration = 0800;
						ProvisioningStyle = Automatic;
						TestTargetID = 32DF0F321B95C4E000467255;
					};
					32DF0F321B95C4E000467255 = {
						CreatedOnToolsVersion = 6.4;
						DevelopmentTeam = DGW49RWNU5;
						LastSwiftMigration = 0800;
					};
				};
			};
			buildConfigurationList = 32DF0F2E1B95C4E000467255 /* Build configuration list for PBXProject "VULCAM eye" */;
			compatibilityVersion = "Xcode 3.2";
			developmentRegion = English;
			hasScannedForEncodings = 0;
			knownRegions = (
				en,
				Base,
			);
			mainGroup = 32DF0F2A1B95C4E000467255;
			productRefGroup = 32DF0F341B95C4E000467255 /* Products */;
			projectDirPath = "";
			projectRoot = "";
			targets = (
				32DF0F321B95C4E000467255 /* VULCAM eye */,
				324CB1911DB50E070011B32B /* VULCAM eyeTests */,
			);
		};
/* End PBXProject section */

/* Begin PBXResourcesBuildPhase section */
		324CB1901DB50E070011B32B /* Resources */ = {
			isa = PBXResourcesBuildPhase;
			buildActionMask = 2147483647;
			files = (
			);
			runOnlyForDeploymentPostprocessing = 0;
		};
		32DF0F311B95C4E000467255 /* Resources */ = {
			isa = PBXResourcesBuildPhase;
			buildActionMask = 2147483647;
			files = (
				E0E244551D915C2800438F74 /* AboutView.storyboard in Resources */,
				32855AD01B95C6BC003CC551 /* Main.storyboard in Resources */,
				32DF0F441B95C4E000467255 /* Images.xcassets in Resources */,
				3213257F1C3BD41E0059BC97 /* SplashScreen.xib in Resources */,
			);
			runOnlyForDeploymentPostprocessing = 0;
		};
/* End PBXResourcesBuildPhase section */

/* Begin PBXShellScriptBuildPhase section */
		32855AF41B95D4DA003CC551 /* Set Build Number */ = {
			isa = PBXShellScriptBuildPhase;
			buildActionMask = 2147483647;
			files = (
			);
			inputPaths = (
			);
			name = "Set Build Number";
			outputPaths = (
			);
			runOnlyForDeploymentPostprocessing = 0;
			shellPath = /bin/bash;
			shellScript = "#\n# Set the build number to the current git commit count.\n# If we're using the Dev scheme, then we'll suffix the build\n# number with the current branch name, to make collisions\n# far less likely across feature branches.\n# Based on: http://w3facility.info/question/how-do-i-force-xcode-to-rebuild-the-info-plist-file-in-my-project-every-time-i-build-the-project/\n# From: http://blog.jaredsinclair.com/post/97193356620/the-best-of-all-possible-xcode-automated-build?utm_campaign=iOS_Dev_Weekly_Issue_163&utm_medium=email&utm_source=iOS%2BDev%2BWeekly\n\ngit=`sh /etc/profile; which git`\nappBuild=`\"$git\" rev-list head |wc -l`\n# Add an offset to make new builds with higher build number than 1.0.0\nappBuild=$((appBuild + 55))\necho \"Using $CONFIGURATION configuration\"\nif [ $CONFIGURATION = \"Debug\" ]; then\nbranchName=`\"$git\" rev-parse --abbrev-ref HEAD`\n/usr/libexec/PlistBuddy -c \"Set :CFBundleVersion $appBuild-$branchName\" \"${TARGET_BUILD_DIR}/${INFOPLIST_PATH}\"\nelse\n/usr/libexec/PlistBuddy -c \"Set :CFBundleVersion $appBuild\" \"${TARGET_BUILD_DIR}/${INFOPLIST_PATH}\"\nfi\necho \"Updated ${TARGET_BUILD_DIR}/${INFOPLIST_PATH}\"";
		};
		32855AF51B95D569003CC551 /* ShellScript */ = {
			isa = PBXShellScriptBuildPhase;
			buildActionMask = 8;
			files = (
			);
			inputPaths = (
			);
			outputPaths = (
			);
			runOnlyForDeploymentPostprocessing = 1;
			shellPath = /bin/sh;
			shellScript = "buildNumber=$(/usr/libexec/PlistBuddy -c \"Print CFBundleVersion\" \"$INFOPLIST_FILE\")\nbuildNumber=$(($buildNumber + 1))\n/usr/libexec/PlistBuddy -c \"Set :CFBundleVersion $buildNumber\" \"$INFOPLIST_FILE\"\n";
		};
		4F682504FEAA2B6A45C1DBE8 /* [CP] Embed Pods Frameworks */ = {
			isa = PBXShellScriptBuildPhase;
			buildActionMask = 2147483647;
			files = (
			);
			inputPaths = (
			);
			name = "[CP] Embed Pods Frameworks";
			outputPaths = (
			);
			runOnlyForDeploymentPostprocessing = 0;
			shellPath = /bin/sh;
			shellScript = "\"${SRCROOT}/Pods/Target Support Files/Pods-VULCAM eye/Pods-VULCAM eye-frameworks.sh\"\n";
			showEnvVarsInLog = 0;
		};
		F2C353BC0A7737013211D891 /* [CP] Copy Pods Resources */ = {
			isa = PBXShellScriptBuildPhase;
			buildActionMask = 2147483647;
			files = (
			);
			inputPaths = (
			);
			name = "[CP] Copy Pods Resources";
			outputPaths = (
			);
			runOnlyForDeploymentPostprocessing = 0;
			shellPath = /bin/sh;
			shellScript = "\"${SRCROOT}/Pods/Target Support Files/Pods-VULCAM eye/Pods-VULCAM eye-resources.sh\"\n";
			showEnvVarsInLog = 0;
		};
		F2DD8C832C38BBDCF43E6B37 /* [CP] Check Pods Manifest.lock */ = {
			isa = PBXShellScriptBuildPhase;
			buildActionMask = 2147483647;
			files = (
			);
			inputPaths = (
			);
			name = "[CP] Check Pods Manifest.lock";
			outputPaths = (
			);
			runOnlyForDeploymentPostprocessing = 0;
			shellPath = /bin/sh;
			shellScript = "diff \"${PODS_ROOT}/../Podfile.lock\" \"${PODS_ROOT}/Manifest.lock\" > /dev/null\nif [[ $? != 0 ]] ; then\n    cat << EOM\nerror: The sandbox is not in sync with the Podfile.lock. Run 'pod install' or update your CocoaPods installation.\nEOM\n    exit 1\nfi\n";
			showEnvVarsInLog = 0;
		};
/* End PBXShellScriptBuildPhase section */

/* Begin PBXSourcesBuildPhase section */
		324CB18E1DB50E070011B32B /* Sources */ = {
			isa = PBXSourcesBuildPhase;
			buildActionMask = 2147483647;
			files = (
				324CB1951DB50E070011B32B /* VULCAM_eyeTests.swift in Sources */,
			);
			runOnlyForDeploymentPostprocessing = 0;
		};
		32DF0F2F1B95C4E000467255 /* Sources */ = {
			isa = PBXSourcesBuildPhase;
			buildActionMask = 2147483647;
			files = (
				3213258B1C3C0ABB0059BC97 /* VUVAudioOutput.m in Sources */,
				32855ACE1B95C6BC003CC551 /* VUVCameraProtocol.m in Sources */,
				32DF0F3F1B95C4E000467255 /* VUVViewController.m in Sources */,
				321325851C3BF9D80059BC97 /* VUVImageUtility.m in Sources */,
				320685851BBD468000FAAC56 /* NetworkSocketHandler.m in Sources */,
				32855AEA1B95C6F0003CC551 /* ProtocolUtility.m in Sources */,
				321325821C3BD4EE0059BC97 /* SplashScreen.m in Sources */,
				32855ACF1B95C6BC003CC551 /* VUVCameraSettings.m in Sources */,
				322E10331C57A661008C7636 /* VUVVideoTrimmer.m in Sources */,
				32855AE91B95C6F0003CC551 /* VVProtocol.m in Sources */,
				32DF0F3C1B95C4E000467255 /* VUVAppDelegate.m in Sources */,
				32AE56301C5B700000844C58 /* CommonJSONKeys.m in Sources */,
				32855AED1B95C6F0003CC551 /* CommandWithValue.m in Sources */,
				320685841BBD468000FAAC56 /* CommonUtility.m in Sources */,
				32855AD11B95C6BC003CC551 /* VUVStreamServer.m in Sources */,
				325E862F1BAB0A610051C4DA /* CommandType.m in Sources */,
				E0E244531D915BCB00438F74 /* AboutViewController.swift in Sources */,
				3256ACAF1BD1379300D06327 /* VUVCamNotificationNames.m in Sources */,
				32855AE81B95C6F0003CC551 /* Packet.m in Sources */,
				32DF0F391B95C4E000467255 /* main.m in Sources */,
				32855AE71B95C6F0003CC551 /* Command.m in Sources */,
				32855AEE1B95C6F0003CC551 /* MessageHandler.m in Sources */,
				321325881C3BFE970059BC97 /* VUVVideoOutput.m in Sources */,
				320685831BBD468000FAAC56 /* CommonNotificationNames.m in Sources */,
				32855ACC1B95C6BC003CC551 /* VUVAVCaptureManager.m in Sources */,
				321325731C3AB5440059BC97 /* VUVLicensesView.m in Sources */,
				320568061C71F96900351D24 /* FileLogger.m in Sources */,
			);
			runOnlyForDeploymentPostprocessing = 0;
		};
/* End PBXSourcesBuildPhase section */

/* Begin PBXTargetDependency section */
		324CB1981DB50E070011B32B /* PBXTargetDependency */ = {
			isa = PBXTargetDependency;
			target = 32DF0F321B95C4E000467255 /* VULCAM eye */;
			targetProxy = 324CB1971DB50E070011B32B /* PBXContainerItemProxy */;
		};
/* End PBXTargetDependency section */

/* Begin XCBuildConfiguration section */
		324CB19A1DB50E070011B32B /* Debug */ = {
			isa = XCBuildConfiguration;
			buildSettings = {
				BUNDLE_LOADER = "$(TEST_HOST)";
				CLANG_ANALYZER_NONNULL = YES;
				CLANG_WARN_DOCUMENTATION_COMMENTS = YES;
				CLANG_WARN_SUSPICIOUS_MOVES = YES;
				DEBUG_INFORMATION_FORMAT = dwarf;
				DEVELOPMENT_TEAM = DGW49RWNU5;
				INFOPLIST_FILE = "VULCAM eyeTests/Info.plist";
				IPHONEOS_DEPLOYMENT_TARGET = 10.0;
				LD_RUNPATH_SEARCH_PATHS = "$(inherited) @executable_path/Frameworks @loader_path/Frameworks";
				PRODUCT_BUNDLE_IDENTIFIER = "com.vulcanvision.VULCAM-eyeTests";
				PRODUCT_NAME = "$(TARGET_NAME)";
				SWIFT_ACTIVE_COMPILATION_CONDITIONS = DEBUG;
				SWIFT_OPTIMIZATION_LEVEL = "-Onone";
				SWIFT_VERSION = 3.0;
				TEST_HOST = "$(BUILT_PRODUCTS_DIR)/VULCAM eye.app/VULCAM eye";
			};
			name = Debug;
		};
		324CB19B1DB50E070011B32B /* Release */ = {
			isa = XCBuildConfiguration;
			buildSettings = {
				BUNDLE_LOADER = "$(TEST_HOST)";
				CLANG_ANALYZER_NONNULL = YES;
				CLANG_WARN_DOCUMENTATION_COMMENTS = YES;
				CLANG_WARN_SUSPICIOUS_MOVES = YES;
				DEVELOPMENT_TEAM = DGW49RWNU5;
				INFOPLIST_FILE = "VULCAM eyeTests/Info.plist";
				IPHONEOS_DEPLOYMENT_TARGET = 10.0;
				LD_RUNPATH_SEARCH_PATHS = "$(inherited) @executable_path/Frameworks @loader_path/Frameworks";
				PRODUCT_BUNDLE_IDENTIFIER = "com.vulcanvision.VULCAM-eyeTests";
				PRODUCT_NAME = "$(TARGET_NAME)";
				SWIFT_VERSION = 3.0;
				TEST_HOST = "$(BUILT_PRODUCTS_DIR)/VULCAM eye.app/VULCAM eye";
			};
			name = Release;
		};
		32DF0F541B95C4E000467255 /* Debug */ = {
			isa = XCBuildConfiguration;
			buildSettings = {
				ALWAYS_SEARCH_USER_PATHS = NO;
				CLANG_CXX_LANGUAGE_STANDARD = "gnu++0x";
				CLANG_CXX_LIBRARY = "libc++";
				CLANG_ENABLE_MODULES = YES;
				CLANG_ENABLE_OBJC_ARC = YES;
				CLANG_WARN_BOOL_CONVERSION = YES;
				CLANG_WARN_CONSTANT_CONVERSION = YES;
				CLANG_WARN_DIRECT_OBJC_ISA_USAGE = YES_ERROR;
				CLANG_WARN_EMPTY_BODY = YES;
				CLANG_WARN_ENUM_CONVERSION = YES;
				CLANG_WARN_INFINITE_RECURSION = YES;
				CLANG_WARN_INT_CONVERSION = YES;
				CLANG_WARN_OBJC_ROOT_CLASS = YES_ERROR;
				CLANG_WARN_SUSPICIOUS_MOVE = YES;
				CLANG_WARN_UNREACHABLE_CODE = YES;
				CLANG_WARN__DUPLICATE_METHOD_MATCH = YES;
				"CODE_SIGN_IDENTITY[sdk=iphoneos*]" = "iPhone Developer";
				COPY_PHASE_STRIP = NO;
				DEBUG_INFORMATION_FORMAT = "dwarf-with-dsym";
				ENABLE_STRICT_OBJC_MSGSEND = YES;
				ENABLE_TESTABILITY = YES;
				GCC_C_LANGUAGE_STANDARD = gnu99;
				GCC_DYNAMIC_NO_PIC = NO;
				GCC_NO_COMMON_BLOCKS = YES;
				GCC_OPTIMIZATION_LEVEL = 0;
				GCC_PREPROCESSOR_DEFINITIONS = (
					"DEBUG=1",
					"$(inherited)",
				);
				GCC_SYMBOLS_PRIVATE_EXTERN = NO;
				GCC_WARN_64_TO_32_BIT_CONVERSION = YES;
				GCC_WARN_ABOUT_RETURN_TYPE = YES_ERROR;
				GCC_WARN_UNDECLARED_SELECTOR = YES;
				GCC_WARN_UNINITIALIZED_AUTOS = YES_AGGRESSIVE;
				GCC_WARN_UNUSED_FUNCTION = YES;
				GCC_WARN_UNUSED_PARAMETER = NO;
				GCC_WARN_UNUSED_VARIABLE = YES;
				IPHONEOS_DEPLOYMENT_TARGET = 8.0;
				MTL_ENABLE_DEBUG_INFO = YES;
				ONLY_ACTIVE_ARCH = YES;
				PRODUCT_NAME = "$(PROJECT_NAME)";
				SDKROOT = iphoneos;
				TARGETED_DEVICE_FAMILY = "1,2";
			};
			name = Debug;
		};
		32DF0F551B95C4E000467255 /* Release */ = {
			isa = XCBuildConfiguration;
			buildSettings = {
				ALWAYS_SEARCH_USER_PATHS = NO;
				CLANG_CXX_LANGUAGE_STANDARD = "gnu++0x";
				CLANG_CXX_LIBRARY = "libc++";
				CLANG_ENABLE_MODULES = YES;
				CLANG_ENABLE_OBJC_ARC = YES;
				CLANG_WARN_BOOL_CONVERSION = YES;
				CLANG_WARN_CONSTANT_CONVERSION = YES;
				CLANG_WARN_DIRECT_OBJC_ISA_USAGE = YES_ERROR;
				CLANG_WARN_EMPTY_BODY = YES;
				CLANG_WARN_ENUM_CONVERSION = YES;
				CLANG_WARN_INFINITE_RECURSION = YES;
				CLANG_WARN_INT_CONVERSION = YES;
				CLANG_WARN_OBJC_ROOT_CLASS = YES_ERROR;
				CLANG_WARN_SUSPICIOUS_MOVE = YES;
				CLANG_WARN_UNREACHABLE_CODE = YES;
				CLANG_WARN__DUPLICATE_METHOD_MATCH = YES;
				"CODE_SIGN_IDENTITY[sdk=iphoneos*]" = "iPhone Developer";
				COPY_PHASE_STRIP = NO;
				DEBUG_INFORMATION_FORMAT = "dwarf-with-dsym";
				ENABLE_NS_ASSERTIONS = NO;
				ENABLE_STRICT_OBJC_MSGSEND = YES;
				GCC_C_LANGUAGE_STANDARD = gnu99;
				GCC_NO_COMMON_BLOCKS = YES;
				GCC_WARN_64_TO_32_BIT_CONVERSION = YES;
				GCC_WARN_ABOUT_RETURN_TYPE = YES_ERROR;
				GCC_WARN_UNDECLARED_SELECTOR = YES;
				GCC_WARN_UNINITIALIZED_AUTOS = YES_AGGRESSIVE;
				GCC_WARN_UNUSED_FUNCTION = YES;
				GCC_WARN_UNUSED_PARAMETER = NO;
				GCC_WARN_UNUSED_VARIABLE = YES;
				IPHONEOS_DEPLOYMENT_TARGET = 8.0;
				MTL_ENABLE_DEBUG_INFO = NO;
				PRODUCT_NAME = "$(PROJECT_NAME)";
				SDKROOT = iphoneos;
				SWIFT_OPTIMIZATION_LEVEL = "-Owholemodule";
				TARGETED_DEVICE_FAMILY = "1,2";
				VALIDATE_PRODUCT = YES;
			};
			name = Release;
		};
		32DF0F571B95C4E000467255 /* Debug */ = {
			isa = XCBuildConfiguration;
			baseConfigurationReference = B406DE5C4F63B2085A0427F8 /* Pods-VULCAM eye.debug.xcconfig */;
			buildSettings = {
				ALWAYS_EMBED_SWIFT_STANDARD_LIBRARIES = YES;
				ASSETCATALOG_COMPILER_APPICON_NAME = AppIcon;
				ASSETCATALOG_COMPILER_LAUNCHIMAGE_NAME = LaunchImage;
				CLANG_ENABLE_MODULES = YES;
				CODE_SIGN_IDENTITY = "iPhone Developer";
				GCC_PREFIX_HEADER = "vulCam eye/vulCam-eye-Prefix.pch";
				INFOPLIST_FILE = "vulCam eye/Info.plist";
				IPHONEOS_DEPLOYMENT_TARGET = 9.0;
				LD_RUNPATH_SEARCH_PATHS = "$(inherited) @executable_path/Frameworks";
				PRODUCT_BUNDLE_IDENTIFIER = "com.vulcanvision.ubiQVue-Cam";
				PRODUCT_NAME = "VULCAM eye";
				SWIFT_OBJC_BRIDGING_HEADER = "vulCam eye/VULCAM eye-Bridging-Header.h";
				SWIFT_OPTIMIZATION_LEVEL = "-Onone";
				SWIFT_VERSION = 3.0;
			};
			name = Debug;
		};
		32DF0F581B95C4E000467255 /* Release */ = {
			isa = XCBuildConfiguration;
			baseConfigurationReference = 16E60DD7E757A37E8CCF78B1 /* Pods-VULCAM eye.release.xcconfig */;
			buildSettings = {
				ALWAYS_EMBED_SWIFT_STANDARD_LIBRARIES = YES;
				ASSETCATALOG_COMPILER_APPICON_NAME = AppIcon;
				ASSETCATALOG_COMPILER_LAUNCHIMAGE_NAME = LaunchImage;
				CLANG_ENABLE_MODULES = YES;
				CODE_SIGN_IDENTITY = "iPhone Developer";
				GCC_PREFIX_HEADER = "vulCam eye/vulCam-eye-Prefix.pch";
				INFOPLIST_FILE = "vulCam eye/Info.plist";
				IPHONEOS_DEPLOYMENT_TARGET = 9.0;
				LD_RUNPATH_SEARCH_PATHS = "$(inherited) @executable_path/Frameworks";
				PRODUCT_BUNDLE_IDENTIFIER = "com.vulcanvision.ubiQVue-Cam";
				PRODUCT_NAME = "VULCAM eye";
				SWIFT_OBJC_BRIDGING_HEADER = "vulCam eye/VULCAM eye-Bridging-Header.h";
				SWIFT_VERSION = 3.0;
			};
			name = Release;
		};
/* End XCBuildConfiguration section */

/* Begin XCConfigurationList section */
		324CB1991DB50E070011B32B /* Build configuration list for PBXNativeTarget "VULCAM eyeTests" */ = {
			isa = XCConfigurationList;
			buildConfigurations = (
				324CB19A1DB50E070011B32B /* Debug */,
				324CB19B1DB50E070011B32B /* Release */,
			);
			defaultConfigurationIsVisible = 0;
			defaultConfigurationName = Release;
		};
		32DF0F2E1B95C4E000467255 /* Build configuration list for PBXProject "VULCAM eye" */ = {
			isa = XCConfigurationList;
			buildConfigurations = (
				32DF0F541B95C4E000467255 /* Debug */,
				32DF0F551B95C4E000467255 /* Release */,
			);
			defaultConfigurationIsVisible = 0;
			defaultConfigurationName = Release;
		};
		32DF0F561B95C4E000467255 /* Build configuration list for PBXNativeTarget "VULCAM eye" */ = {
			isa = XCConfigurationList;
			buildConfigurations = (
				32DF0F571B95C4E000467255 /* Debug */,
				32DF0F581B95C4E000467255 /* Release */,
			);
			defaultConfigurationIsVisible = 0;
			defaultConfigurationName = Release;
		};
/* End XCConfigurationList section */
	};
	rootObject = 32DF0F2B1B95C4E000467255 /* Project object */;
}
