// !$*UTF8*$!
{
	archiveVersion = 1;
	classes = {
	};
	objectVersion = 46;
	objects = {

/* Begin PBXBuildFile section */
		32571A971B8495D6000B49CB /* VVVersionCompabilityChecker.m in Sources */ = {isa = PBXBuildFile; fileRef = 32571A961B8495D6000B49CB /* VVVersionCompabilityChecker.m */; };
		6FCE330929D6712FA4B47DCE /* libPods.a in Frameworks */ = {isa = PBXBuildFile; fileRef = 22750365FF6AC81A3D802491 /* libPods.a */; };
		902A011C1B7A27FE00488808 /* main.m in Sources */ = {isa = PBXBuildFile; fileRef = 902A011B1B7A27FE00488808 /* main.m */; };
		902A011F1B7A27FE00488808 /* AppDelegate.m in Sources */ = {isa = PBXBuildFile; fileRef = 902A011E1B7A27FE00488808 /* AppDelegate.m */; };
		902A01221B7A27FE00488808 /* ViewController.m in Sources */ = {isa = PBXBuildFile; fileRef = 902A01211B7A27FE00488808 /* ViewController.m */; };
		902A01271B7A27FE00488808 /* Images.xcassets in Resources */ = {isa = PBXBuildFile; fileRef = 902A01261B7A27FE00488808 /* Images.xcassets */; };
		902A01361B7A27FE00488808 /* VVCameraTests.m in Sources */ = {isa = PBXBuildFile; fileRef = 902A01351B7A27FE00488808 /* VVCameraTests.m */; };
		902A01461B7A2E2400488808 /* AVCaptureManager.m in Sources */ = {isa = PBXBuildFile; fileRef = 902A01451B7A2E2400488808 /* AVCaptureManager.m */; };
		904E8A401B7B77120054CD3E /* CameraMessageHandler.m in Sources */ = {isa = PBXBuildFile; fileRef = 904E8A3F1B7B77120054CD3E /* CameraMessageHandler.m */; };
		904E8A421B7B85C60054CD3E /* CameraProtocol.m in Sources */ = {isa = PBXBuildFile; fileRef = 904E8A411B7B85C60054CD3E /* CameraProtocol.m */; };
		904E8A511B7B8D360054CD3E /* Command.m in Sources */ = {isa = PBXBuildFile; fileRef = 904E8A441B7B8D360054CD3E /* Command.m */; };
		904E8A521B7B8D360054CD3E /* CommandWithValue.m in Sources */ = {isa = PBXBuildFile; fileRef = 904E8A471B7B8D360054CD3E /* CommandWithValue.m */; };
		904E8A531B7B8D360054CD3E /* MessageHandler.m in Sources */ = {isa = PBXBuildFile; fileRef = 904E8A491B7B8D360054CD3E /* MessageHandler.m */; };
		904E8A541B7B8D360054CD3E /* Packet.m in Sources */ = {isa = PBXBuildFile; fileRef = 904E8A4B1B7B8D360054CD3E /* Packet.m */; };
		904E8A551B7B8D360054CD3E /* VVNetworkSocketHandler.m in Sources */ = {isa = PBXBuildFile; fileRef = 904E8A4E1B7B8D360054CD3E /* VVNetworkSocketHandler.m */; };
		904E8A561B7B8D360054CD3E /* VVProtocol.m in Sources */ = {isa = PBXBuildFile; fileRef = 904E8A501B7B8D360054CD3E /* VVProtocol.m */; };
		90A5C8361B7CDBC2001AF28D /* VVUtility.m in Sources */ = {isa = PBXBuildFile; fileRef = 90A5C8351B7CDBC2001AF28D /* VVUtility.m */; };
		90A5C8391B7CDC93001AF28D /* CameraSettings.m in Sources */ = {isa = PBXBuildFile; fileRef = 90A5C8381B7CDC93001AF28D /* CameraSettings.m */; };
		E28238021B7C7B7C00D47A41 /* ProtocolUtility.m in Sources */ = {isa = PBXBuildFile; fileRef = E28238011B7C7B7C00D47A41 /* ProtocolUtility.m */; };
		E2E47E911B7B39E900F2184C /* Main.storyboard in Resources */ = {isa = PBXBuildFile; fileRef = E2E47E901B7B39E900F2184C /* Main.storyboard */; };
		E2F952261B8307DD003A0854 /* StreamServer.m in Sources */ = {isa = PBXBuildFile; fileRef = E2F952251B8307DD003A0854 /* StreamServer.m */; };
/* End PBXBuildFile section */

/* Begin PBXContainerItemProxy section */
		902A01301B7A27FE00488808 /* PBXContainerItemProxy */ = {
			isa = PBXContainerItemProxy;
			containerPortal = 902A010E1B7A27FE00488808 /* Project object */;
			proxyType = 1;
			remoteGlobalIDString = 902A01151B7A27FE00488808;
			remoteInfo = VVCamera;
		};
/* End PBXContainerItemProxy section */

/* Begin PBXFileReference section */
		15136BEB621B2E5DF8C989EF /* Pods.release.xcconfig */ = {isa = PBXFileReference; includeInIndex = 1; lastKnownFileType = text.xcconfig; name = Pods.release.xcconfig; path = "Pods/Target Support Files/Pods/Pods.release.xcconfig"; sourceTree = "<group>"; };
		22750365FF6AC81A3D802491 /* libPods.a */ = {isa = PBXFileReference; explicitFileType = archive.ar; includeInIndex = 0; path = libPods.a; sourceTree = BUILT_PRODUCTS_DIR; };
		32571A951B8495D6000B49CB /* VVVersionCompabilityChecker.h */ = {isa = PBXFileReference; fileEncoding = 4; lastKnownFileType = sourcecode.c.h; name = VVVersionCompabilityChecker.h; path = Common/VVVersionCompabilityChecker.h; sourceTree = "<group>"; };
		32571A961B8495D6000B49CB /* VVVersionCompabilityChecker.m */ = {isa = PBXFileReference; fileEncoding = 4; lastKnownFileType = sourcecode.c.objc; name = VVVersionCompabilityChecker.m; path = Common/VVVersionCompabilityChecker.m; sourceTree = "<group>"; };
		7DAC3C4795C23FB43DCE1907 /* Pods.debug.xcconfig */ = {isa = PBXFileReference; includeInIndex = 1; lastKnownFileType = text.xcconfig; name = Pods.debug.xcconfig; path = "Pods/Target Support Files/Pods/Pods.debug.xcconfig"; sourceTree = "<group>"; };
		902A01161B7A27FE00488808 /* Vulcan Vision Camera.app */ = {isa = PBXFileReference; explicitFileType = wrapper.application; includeInIndex = 0; path = "Vulcan Vision Camera.app"; sourceTree = BUILT_PRODUCTS_DIR; };
		902A011A1B7A27FE00488808 /* Info.plist */ = {isa = PBXFileReference; lastKnownFileType = text.plist.xml; path = Info.plist; sourceTree = "<group>"; };
		902A011B1B7A27FE00488808 /* main.m */ = {isa = PBXFileReference; lastKnownFileType = sourcecode.c.objc; path = main.m; sourceTree = "<group>"; };
		902A011D1B7A27FE00488808 /* AppDelegate.h */ = {isa = PBXFileReference; lastKnownFileType = sourcecode.c.h; path = AppDelegate.h; sourceTree = "<group>"; };
		902A011E1B7A27FE00488808 /* AppDelegate.m */ = {isa = PBXFileReference; lastKnownFileType = sourcecode.c.objc; path = AppDelegate.m; sourceTree = "<group>"; };
		902A01201B7A27FE00488808 /* ViewController.h */ = {isa = PBXFileReference; lastKnownFileType = sourcecode.c.h; path = ViewController.h; sourceTree = "<group>"; };
		902A01211B7A27FE00488808 /* ViewController.m */ = {isa = PBXFileReference; lastKnownFileType = sourcecode.c.objc; path = ViewController.m; sourceTree = "<group>"; };
		902A01261B7A27FE00488808 /* Images.xcassets */ = {isa = PBXFileReference; lastKnownFileType = folder.assetcatalog; path = Images.xcassets; sourceTree = "<group>"; };
		902A012F1B7A27FE00488808 /* Vulcan Vision CameraTests.xctest */ = {isa = PBXFileReference; explicitFileType = wrapper.cfbundle; includeInIndex = 0; path = "Vulcan Vision CameraTests.xctest"; sourceTree = BUILT_PRODUCTS_DIR; };
		902A01341B7A27FE00488808 /* Info.plist */ = {isa = PBXFileReference; lastKnownFileType = text.plist.xml; path = Info.plist; sourceTree = "<group>"; };
		902A01351B7A27FE00488808 /* VVCameraTests.m */ = {isa = PBXFileReference; lastKnownFileType = sourcecode.c.objc; path = VVCameraTests.m; sourceTree = "<group>"; };
		902A01441B7A2E2400488808 /* AVCaptureManager.h */ = {isa = PBXFileReference; fileEncoding = 4; lastKnownFileType = sourcecode.c.h; path = AVCaptureManager.h; sourceTree = "<group>"; };
		902A01451B7A2E2400488808 /* AVCaptureManager.m */ = {isa = PBXFileReference; fileEncoding = 4; lastKnownFileType = sourcecode.c.objc; path = AVCaptureManager.m; sourceTree = "<group>"; };
		904E8A3F1B7B77120054CD3E /* CameraMessageHandler.m */ = {isa = PBXFileReference; fileEncoding = 4; lastKnownFileType = sourcecode.c.objc; path = CameraMessageHandler.m; sourceTree = "<group>"; };
		904E8A411B7B85C60054CD3E /* CameraProtocol.m */ = {isa = PBXFileReference; fileEncoding = 4; lastKnownFileType = sourcecode.c.objc; path = CameraProtocol.m; sourceTree = "<group>"; };
		904E8A431B7B8D360054CD3E /* Command.h */ = {isa = PBXFileReference; fileEncoding = 4; lastKnownFileType = sourcecode.c.h; name = Command.h; path = Common/Command.h; sourceTree = "<group>"; };
		904E8A441B7B8D360054CD3E /* Command.m */ = {isa = PBXFileReference; fileEncoding = 4; lastKnownFileType = sourcecode.c.objc; name = Command.m; path = Common/Command.m; sourceTree = "<group>"; };
		904E8A451B7B8D360054CD3E /* CommandType.h */ = {isa = PBXFileReference; fileEncoding = 4; lastKnownFileType = sourcecode.c.h; name = CommandType.h; path = Common/CommandType.h; sourceTree = "<group>"; };
		904E8A461B7B8D360054CD3E /* CommandWithValue.h */ = {isa = PBXFileReference; fileEncoding = 4; lastKnownFileType = sourcecode.c.h; name = CommandWithValue.h; path = Common/CommandWithValue.h; sourceTree = "<group>"; };
		904E8A471B7B8D360054CD3E /* CommandWithValue.m */ = {isa = PBXFileReference; fileEncoding = 4; lastKnownFileType = sourcecode.c.objc; name = CommandWithValue.m; path = Common/CommandWithValue.m; sourceTree = "<group>"; };
		904E8A481B7B8D360054CD3E /* MessageHandler.h */ = {isa = PBXFileReference; fileEncoding = 4; lastKnownFileType = sourcecode.c.h; name = MessageHandler.h; path = Common/MessageHandler.h; sourceTree = "<group>"; };
		904E8A491B7B8D360054CD3E /* MessageHandler.m */ = {isa = PBXFileReference; fileEncoding = 4; lastKnownFileType = sourcecode.c.objc; name = MessageHandler.m; path = Common/MessageHandler.m; sourceTree = "<group>"; };
		904E8A4A1B7B8D360054CD3E /* Packet.h */ = {isa = PBXFileReference; fileEncoding = 4; lastKnownFileType = sourcecode.c.h; name = Packet.h; path = Common/Packet.h; sourceTree = "<group>"; };
		904E8A4B1B7B8D360054CD3E /* Packet.m */ = {isa = PBXFileReference; fileEncoding = 4; lastKnownFileType = sourcecode.c.objc; name = Packet.m; path = Common/Packet.m; sourceTree = "<group>"; };
		904E8A4C1B7B8D360054CD3E /* ProtocolUtility.h */ = {isa = PBXFileReference; fileEncoding = 4; lastKnownFileType = sourcecode.c.h; name = ProtocolUtility.h; path = Common/ProtocolUtility.h; sourceTree = "<group>"; };
		904E8A4D1B7B8D360054CD3E /* VVNetworkSocketHandler.h */ = {isa = PBXFileReference; fileEncoding = 4; lastKnownFileType = sourcecode.c.h; name = VVNetworkSocketHandler.h; path = Common/VVNetworkSocketHandler.h; sourceTree = "<group>"; };
		904E8A4E1B7B8D360054CD3E /* VVNetworkSocketHandler.m */ = {isa = PBXFileReference; fileEncoding = 4; lastKnownFileType = sourcecode.c.objc; name = VVNetworkSocketHandler.m; path = Common/VVNetworkSocketHandler.m; sourceTree = "<group>"; };
		904E8A4F1B7B8D360054CD3E /* VVProtocol.h */ = {isa = PBXFileReference; fileEncoding = 4; lastKnownFileType = sourcecode.c.h; name = VVProtocol.h; path = Common/VVProtocol.h; sourceTree = "<group>"; };
		904E8A501B7B8D360054CD3E /* VVProtocol.m */ = {isa = PBXFileReference; fileEncoding = 4; lastKnownFileType = sourcecode.c.objc; name = VVProtocol.m; path = Common/VVProtocol.m; sourceTree = "<group>"; };
		90A5C8321B7CAB1B001AF28D /* CameraMessageHandler.h */ = {isa = PBXFileReference; lastKnownFileType = sourcecode.c.h; path = CameraMessageHandler.h; sourceTree = "<group>"; };
		90A5C8331B7CAB8C001AF28D /* CameraProtocol.h */ = {isa = PBXFileReference; lastKnownFileType = sourcecode.c.h; path = CameraProtocol.h; sourceTree = "<group>"; };
		90A5C8341B7CDBC2001AF28D /* VVUtility.h */ = {isa = PBXFileReference; fileEncoding = 4; lastKnownFileType = sourcecode.c.h; path = VVUtility.h; sourceTree = "<group>"; };
		90A5C8351B7CDBC2001AF28D /* VVUtility.m */ = {isa = PBXFileReference; fileEncoding = 4; lastKnownFileType = sourcecode.c.objc; path = VVUtility.m; sourceTree = "<group>"; };
		90A5C8371B7CDC93001AF28D /* CameraSettings.h */ = {isa = PBXFileReference; fileEncoding = 4; lastKnownFileType = sourcecode.c.h; path = CameraSettings.h; sourceTree = "<group>"; };
		90A5C8381B7CDC93001AF28D /* CameraSettings.m */ = {isa = PBXFileReference; fileEncoding = 4; lastKnownFileType = sourcecode.c.objc; path = CameraSettings.m; sourceTree = "<group>"; };
		E28238011B7C7B7C00D47A41 /* ProtocolUtility.m */ = {isa = PBXFileReference; fileEncoding = 4; lastKnownFileType = sourcecode.c.objc; name = ProtocolUtility.m; path = Common/ProtocolUtility.m; sourceTree = "<group>"; };
		E2E47E901B7B39E900F2184C /* Main.storyboard */ = {isa = PBXFileReference; fileEncoding = 4; lastKnownFileType = file.storyboard; path = Main.storyboard; sourceTree = "<group>"; };
		E2F952241B8307DD003A0854 /* StreamServer.h */ = {isa = PBXFileReference; fileEncoding = 4; lastKnownFileType = sourcecode.c.h; path = StreamServer.h; sourceTree = "<group>"; };
		E2F952251B8307DD003A0854 /* StreamServer.m */ = {isa = PBXFileReference; fileEncoding = 4; lastKnownFileType = sourcecode.c.objc; path = StreamServer.m; sourceTree = "<group>"; };
/* End PBXFileReference section */

/* Begin PBXFrameworksBuildPhase section */
		902A01131B7A27FE00488808 /* Frameworks */ = {
			isa = PBXFrameworksBuildPhase;
			buildActionMask = 2147483647;
			files = (
				6FCE330929D6712FA4B47DCE /* libPods.a in Frameworks */,
			);
			runOnlyForDeploymentPostprocessing = 0;
		};
		902A012C1B7A27FE00488808 /* Frameworks */ = {
			isa = PBXFrameworksBuildPhase;
			buildActionMask = 2147483647;
			files = (
			);
			runOnlyForDeploymentPostprocessing = 0;
		};
/* End PBXFrameworksBuildPhase section */

/* Begin PBXGroup section */
		649B5502B42045FF4EBC00DD /* Frameworks */ = {
			isa = PBXGroup;
			children = (
				22750365FF6AC81A3D802491 /* libPods.a */,
			);
			name = Frameworks;
			sourceTree = "<group>";
		};
		73FD8DEBC1E2DCAD5B152B40 /* Pods */ = {
			isa = PBXGroup;
			children = (
				7DAC3C4795C23FB43DCE1907 /* Pods.debug.xcconfig */,
				15136BEB621B2E5DF8C989EF /* Pods.release.xcconfig */,
			);
			name = Pods;
			sourceTree = "<group>";
		};
		902A010D1B7A27FE00488808 = {
			isa = PBXGroup;
			children = (
				902A01181B7A27FE00488808 /* VVCamera */,
				902A01321B7A27FE00488808 /* VVCameraTests */,
				902A01171B7A27FE00488808 /* Products */,
				73FD8DEBC1E2DCAD5B152B40 /* Pods */,
				649B5502B42045FF4EBC00DD /* Frameworks */,
			);
			sourceTree = "<group>";
		};
		902A01171B7A27FE00488808 /* Products */ = {
			isa = PBXGroup;
			children = (
				902A01161B7A27FE00488808 /* Vulcan Vision Camera.app */,
				902A012F1B7A27FE00488808 /* Vulcan Vision CameraTests.xctest */,
			);
			name = Products;
			sourceTree = "<group>";
		};
		902A01181B7A27FE00488808 /* VVCamera */ = {
			isa = PBXGroup;
			children = (
				904E8A571B7B8E1E0054CD3E /* Common */,
				902A01471B7A2E3300488808 /* AVCaptureManager */,
				902A011D1B7A27FE00488808 /* AppDelegate.h */,
				902A011E1B7A27FE00488808 /* AppDelegate.m */,
				902A01201B7A27FE00488808 /* ViewController.h */,
				902A01211B7A27FE00488808 /* ViewController.m */,
				90A5C8321B7CAB1B001AF28D /* CameraMessageHandler.h */,
				904E8A3F1B7B77120054CD3E /* CameraMessageHandler.m */,
				90A5C8331B7CAB8C001AF28D /* CameraProtocol.h */,
				904E8A411B7B85C60054CD3E /* CameraProtocol.m */,
				90A5C8371B7CDC93001AF28D /* CameraSettings.h */,
				90A5C8381B7CDC93001AF28D /* CameraSettings.m */,
				E2F952241B8307DD003A0854 /* StreamServer.h */,
				E2F952251B8307DD003A0854 /* StreamServer.m */,
				E2E47E901B7B39E900F2184C /* Main.storyboard */,
				902A01261B7A27FE00488808 /* Images.xcassets */,
				902A01191B7A27FE00488808 /* Supporting Files */,
			);
			path = VVCamera;
			sourceTree = "<group>";
		};
		902A01191B7A27FE00488808 /* Supporting Files */ = {
			isa = PBXGroup;
			children = (
				902A011A1B7A27FE00488808 /* Info.plist */,
				902A011B1B7A27FE00488808 /* main.m */,
			);
			name = "Supporting Files";
			sourceTree = "<group>";
		};
		902A01321B7A27FE00488808 /* VVCameraTests */ = {
			isa = PBXGroup;
			children = (
				902A01351B7A27FE00488808 /* VVCameraTests.m */,
				902A01331B7A27FE00488808 /* Supporting Files */,
			);
			path = VVCameraTests;
			sourceTree = "<group>";
		};
		902A01331B7A27FE00488808 /* Supporting Files */ = {
			isa = PBXGroup;
			children = (
				902A01341B7A27FE00488808 /* Info.plist */,
			);
			name = "Supporting Files";
			sourceTree = "<group>";
		};
		902A01471B7A2E3300488808 /* AVCaptureManager */ = {
			isa = PBXGroup;
			children = (
				902A01441B7A2E2400488808 /* AVCaptureManager.h */,
				902A01451B7A2E2400488808 /* AVCaptureManager.m */,
			);
			name = AVCaptureManager;
			sourceTree = "<group>";
		};
		904E8A571B7B8E1E0054CD3E /* Common */ = {
			isa = PBXGroup;
			children = (
				32571A951B8495D6000B49CB /* VVVersionCompabilityChecker.h */,
				32571A961B8495D6000B49CB /* VVVersionCompabilityChecker.m */,
				904E8A431B7B8D360054CD3E /* Command.h */,
				904E8A441B7B8D360054CD3E /* Command.m */,
				904E8A451B7B8D360054CD3E /* CommandType.h */,
				904E8A461B7B8D360054CD3E /* CommandWithValue.h */,
				904E8A471B7B8D360054CD3E /* CommandWithValue.m */,
				904E8A481B7B8D360054CD3E /* MessageHandler.h */,
				904E8A491B7B8D360054CD3E /* MessageHandler.m */,
				904E8A4A1B7B8D360054CD3E /* Packet.h */,
				904E8A4B1B7B8D360054CD3E /* Packet.m */,
				E28238011B7C7B7C00D47A41 /* ProtocolUtility.m */,
				904E8A4C1B7B8D360054CD3E /* ProtocolUtility.h */,
				904E8A4D1B7B8D360054CD3E /* VVNetworkSocketHandler.h */,
				904E8A4E1B7B8D360054CD3E /* VVNetworkSocketHandler.m */,
				904E8A4F1B7B8D360054CD3E /* VVProtocol.h */,
				904E8A501B7B8D360054CD3E /* VVProtocol.m */,
				90A5C8341B7CDBC2001AF28D /* VVUtility.h */,
				90A5C8351B7CDBC2001AF28D /* VVUtility.m */,
			);
			name = Common;
			sourceTree = "<group>";
		};
/* End PBXGroup section */

/* Begin PBXNativeTarget section */
		902A01151B7A27FE00488808 /* Vulcan Vision Camera */ = {
			isa = PBXNativeTarget;
			buildConfigurationList = 902A01391B7A27FE00488808 /* Build configuration list for PBXNativeTarget "Vulcan Vision Camera" */;
			buildPhases = (
				46F29A77E307269FFD3103C7 /* Check Pods Manifest.lock */,
				902A01121B7A27FE00488808 /* Sources */,
				902A01131B7A27FE00488808 /* Frameworks */,
				902A01141B7A27FE00488808 /* Resources */,
				EB3E3B6947924C36C93BA558 /* Copy Pods Resources */,
			);
			buildRules = (
			);
			dependencies = (
			);
			name = "Vulcan Vision Camera";
			productName = VVCamera;
			productReference = 902A01161B7A27FE00488808 /* Vulcan Vision Camera.app */;
			productType = "com.apple.product-type.application";
		};
		902A012E1B7A27FE00488808 /* Vulcan Vision CameraTests */ = {
			isa = PBXNativeTarget;
			buildConfigurationList = 902A013C1B7A27FE00488808 /* Build configuration list for PBXNativeTarget "Vulcan Vision CameraTests" */;
			buildPhases = (
				902A012B1B7A27FE00488808 /* Sources */,
				902A012C1B7A27FE00488808 /* Frameworks */,
				902A012D1B7A27FE00488808 /* Resources */,
			);
			buildRules = (
			);
			dependencies = (
				902A01311B7A27FE00488808 /* PBXTargetDependency */,
			);
			name = "Vulcan Vision CameraTests";
			productName = VVCameraTests;
			productReference = 902A012F1B7A27FE00488808 /* Vulcan Vision CameraTests.xctest */;
			productType = "com.apple.product-type.bundle.unit-test";
		};
/* End PBXNativeTarget section */

/* Begin PBXProject section */
		902A010E1B7A27FE00488808 /* Project object */ = {
			isa = PBXProject;
			attributes = {
				LastUpgradeCheck = 0640;
				ORGANIZATIONNAME = Bitwise;
				TargetAttributes = {
					902A01151B7A27FE00488808 = {
						CreatedOnToolsVersion = 6.4;
						DevelopmentTeam = S4BRM66XJA;
					};
					902A012E1B7A27FE00488808 = {
						CreatedOnToolsVersion = 6.4;
						TestTargetID = 902A01151B7A27FE00488808;
					};
				};
			};
			buildConfigurationList = 902A01111B7A27FE00488808 /* Build configuration list for PBXProject "Vulcan Vision Camera" */;
			compatibilityVersion = "Xcode 3.2";
			developmentRegion = English;
			hasScannedForEncodings = 0;
			knownRegions = (
				en,
				Base,
			);
			mainGroup = 902A010D1B7A27FE00488808;
			productRefGroup = 902A01171B7A27FE00488808 /* Products */;
			projectDirPath = "";
			projectRoot = "";
			targets = (
				902A01151B7A27FE00488808 /* Vulcan Vision Camera */,
				902A012E1B7A27FE00488808 /* Vulcan Vision CameraTests */,
			);
		};
/* End PBXProject section */

/* Begin PBXResourcesBuildPhase section */
		902A01141B7A27FE00488808 /* Resources */ = {
			isa = PBXResourcesBuildPhase;
			buildActionMask = 2147483647;
			files = (
				E2E47E911B7B39E900F2184C /* Main.storyboard in Resources */,
				902A01271B7A27FE00488808 /* Images.xcassets in Resources */,
			);
			runOnlyForDeploymentPostprocessing = 0;
		};
		902A012D1B7A27FE00488808 /* Resources */ = {
			isa = PBXResourcesBuildPhase;
			buildActionMask = 2147483647;
			files = (
			);
			runOnlyForDeploymentPostprocessing = 0;
		};
/* End PBXResourcesBuildPhase section */

/* Begin PBXShellScriptBuildPhase section */
		46F29A77E307269FFD3103C7 /* Check Pods Manifest.lock */ = {
			isa = PBXShellScriptBuildPhase;
			buildActionMask = 2147483647;
			files = (
			);
			inputPaths = (
			);
			name = "Check Pods Manifest.lock";
			outputPaths = (
			);
			runOnlyForDeploymentPostprocessing = 0;
			shellPath = /bin/sh;
			shellScript = "diff \"${PODS_ROOT}/../Podfile.lock\" \"${PODS_ROOT}/Manifest.lock\" > /dev/null\nif [[ $? != 0 ]] ; then\n    cat << EOM\nerror: The sandbox is not in sync with the Podfile.lock. Run 'pod install' or update your CocoaPods installation.\nEOM\n    exit 1\nfi\n";
			showEnvVarsInLog = 0;
		};
		EB3E3B6947924C36C93BA558 /* Copy Pods Resources */ = {
			isa = PBXShellScriptBuildPhase;
			buildActionMask = 2147483647;
			files = (
			);
			inputPaths = (
			);
			name = "Copy Pods Resources";
			outputPaths = (
			);
			runOnlyForDeploymentPostprocessing = 0;
			shellPath = /bin/sh;
			shellScript = "\"${SRCROOT}/Pods/Target Support Files/Pods/Pods-resources.sh\"\n";
			showEnvVarsInLog = 0;
		};
/* End PBXShellScriptBuildPhase section */

/* Begin PBXSourcesBuildPhase section */
		902A01121B7A27FE00488808 /* Sources */ = {
			isa = PBXSourcesBuildPhase;
			buildActionMask = 2147483647;
			files = (
				904E8A421B7B85C60054CD3E /* CameraProtocol.m in Sources */,
				904E8A561B7B8D360054CD3E /* VVProtocol.m in Sources */,
				902A01221B7A27FE00488808 /* ViewController.m in Sources */,
				90A5C8391B7CDC93001AF28D /* CameraSettings.m in Sources */,
				E28238021B7C7B7C00D47A41 /* ProtocolUtility.m in Sources */,
				E2F952261B8307DD003A0854 /* StreamServer.m in Sources */,
				902A011F1B7A27FE00488808 /* AppDelegate.m in Sources */,
				904E8A511B7B8D360054CD3E /* Command.m in Sources */,
				904E8A531B7B8D360054CD3E /* MessageHandler.m in Sources */,
				904E8A541B7B8D360054CD3E /* Packet.m in Sources */,
				90A5C8361B7CDBC2001AF28D /* VVUtility.m in Sources */,
				902A011C1B7A27FE00488808 /* main.m in Sources */,
				904E8A521B7B8D360054CD3E /* CommandWithValue.m in Sources */,
				904E8A401B7B77120054CD3E /* CameraMessageHandler.m in Sources */,
				32571A971B8495D6000B49CB /* VVVersionCompabilityChecker.m in Sources */,
				902A01461B7A2E2400488808 /* AVCaptureManager.m in Sources */,
				904E8A551B7B8D360054CD3E /* VVNetworkSocketHandler.m in Sources */,
			);
			runOnlyForDeploymentPostprocessing = 0;
		};
		902A012B1B7A27FE00488808 /* Sources */ = {
			isa = PBXSourcesBuildPhase;
			buildActionMask = 2147483647;
			files = (
				902A01361B7A27FE00488808 /* VVCameraTests.m in Sources */,
			);
			runOnlyForDeploymentPostprocessing = 0;
		};
/* End PBXSourcesBuildPhase section */

/* Begin PBXTargetDependency section */
		902A01311B7A27FE00488808 /* PBXTargetDependency */ = {
			isa = PBXTargetDependency;
			target = 902A01151B7A27FE00488808 /* Vulcan Vision Camera */;
			targetProxy = 902A01301B7A27FE00488808 /* PBXContainerItemProxy */;
		};
/* End PBXTargetDependency section */

/* Begin XCBuildConfiguration section */
		902A01371B7A27FE00488808 /* Debug */ = {
			isa = XCBuildConfiguration;
			buildSettings = {
				ALWAYS_SEARCH_USER_PATHS = NO;
				CLANG_CXX_LANGUAGE_STANDARD = "gnu++0x";
				CLANG_CXX_LIBRARY = "libc++";
				CLANG_ENABLE_MODULES = YES;
				CLANG_ENABLE_OBJC_ARC = YES;
				CLANG_WARN_BOOL_CONVERSION = YES;
				CLANG_WARN_CONSTANT_CONVERSION = YES;
				CLANG_WARN_DIRECT_OBJC_ISA_USAGE = YES_ERROR;
				CLANG_WARN_EMPTY_BODY = YES;
				CLANG_WARN_ENUM_CONVERSION = YES;
				CLANG_WARN_INT_CONVERSION = YES;
				CLANG_WARN_OBJC_ROOT_CLASS = YES_ERROR;
				CLANG_WARN_UNREACHABLE_CODE = YES;
				CLANG_WARN__DUPLICATE_METHOD_MATCH = YES;
				"CODE_SIGN_IDENTITY[sdk=iphoneos*]" = "iPhone Developer";
				COPY_PHASE_STRIP = NO;
				DEBUG_INFORMATION_FORMAT = "dwarf-with-dsym";
				ENABLE_STRICT_OBJC_MSGSEND = YES;
				GCC_C_LANGUAGE_STANDARD = gnu99;
				GCC_DYNAMIC_NO_PIC = NO;
				GCC_NO_COMMON_BLOCKS = YES;
				GCC_OPTIMIZATION_LEVEL = 0;
				GCC_PREPROCESSOR_DEFINITIONS = (
					"DEBUG=1",
					"$(inherited)",
				);
				GCC_SYMBOLS_PRIVATE_EXTERN = NO;
				GCC_WARN_64_TO_32_BIT_CONVERSION = YES;
				GCC_WARN_ABOUT_RETURN_TYPE = YES_ERROR;
				GCC_WARN_UNDECLARED_SELECTOR = YES;
				GCC_WARN_UNINITIALIZED_AUTOS = YES_AGGRESSIVE;
				GCC_WARN_UNUSED_FUNCTION = YES;
				GCC_WARN_UNUSED_VARIABLE = YES;
				IPHONEOS_DEPLOYMENT_TARGET = 8.4;
				MTL_ENABLE_DEBUG_INFO = YES;
				ONLY_ACTIVE_ARCH = YES;
				SDKROOT = iphoneos;
				TARGETED_DEVICE_FAMILY = "1,2";
			};
			name = Debug;
		};
		902A01381B7A27FE00488808 /* Release */ = {
			isa = XCBuildConfiguration;
			buildSettings = {
				ALWAYS_SEARCH_USER_PATHS = NO;
				CLANG_CXX_LANGUAGE_STANDARD = "gnu++0x";
				CLANG_CXX_LIBRARY = "libc++";
				CLANG_ENABLE_MODULES = YES;
				CLANG_ENABLE_OBJC_ARC = YES;
				CLANG_WARN_BOOL_CONVERSION = YES;
				CLANG_WARN_CONSTANT_CONVERSION = YES;
				CLANG_WARN_DIRECT_OBJC_ISA_USAGE = YES_ERROR;
				CLANG_WARN_EMPTY_BODY = YES;
				CLANG_WARN_ENUM_CONVERSION = YES;
				CLANG_WARN_INT_CONVERSION = YES;
				CLANG_WARN_OBJC_ROOT_CLASS = YES_ERROR;
				CLANG_WARN_UNREACHABLE_CODE = YES;
				CLANG_WARN__DUPLICATE_METHOD_MATCH = YES;
				"CODE_SIGN_IDENTITY[sdk=iphoneos*]" = "iPhone Developer";
				COPY_PHASE_STRIP = NO;
				DEBUG_INFORMATION_FORMAT = "dwarf-with-dsym";
				ENABLE_NS_ASSERTIONS = NO;
				ENABLE_STRICT_OBJC_MSGSEND = YES;
				GCC_C_LANGUAGE_STANDARD = gnu99;
				GCC_NO_COMMON_BLOCKS = YES;
				GCC_WARN_64_TO_32_BIT_CONVERSION = YES;
				GCC_WARN_ABOUT_RETURN_TYPE = YES_ERROR;
				GCC_WARN_UNDECLARED_SELECTOR = YES;
				GCC_WARN_UNINITIALIZED_AUTOS = YES_AGGRESSIVE;
				GCC_WARN_UNUSED_FUNCTION = YES;
				GCC_WARN_UNUSED_VARIABLE = YES;
				IPHONEOS_DEPLOYMENT_TARGET = 8.4;
				MTL_ENABLE_DEBUG_INFO = NO;
				SDKROOT = iphoneos;
				TARGETED_DEVICE_FAMILY = "1,2";
				VALIDATE_PRODUCT = YES;
			};
			name = Release;
		};
		902A013A1B7A27FE00488808 /* Debug */ = {
			isa = XCBuildConfiguration;
			baseConfigurationReference = 7DAC3C4795C23FB43DCE1907 /* Pods.debug.xcconfig */;
			buildSettings = {
				ASSETCATALOG_COMPILER_APPICON_NAME = AppIcon;
				CODE_SIGN_IDENTITY = "iPhone Developer";
				"CODE_SIGN_IDENTITY[sdk=iphoneos*]" = "iPhone Developer";
				INFOPLIST_FILE = VVCamera/Info.plist;
				IPHONEOS_DEPLOYMENT_TARGET = 7.0;
				LD_RUNPATH_SEARCH_PATHS = "$(inherited) @executable_path/Frameworks";
				PRODUCT_NAME = "Vulcan Vision Camera";
				PROVISIONING_PROFILE = "";
			};
			name = Debug;
		};
		902A013B1B7A27FE00488808 /* Release */ = {
			isa = XCBuildConfiguration;
			baseConfigurationReference = 15136BEB621B2E5DF8C989EF /* Pods.release.xcconfig */;
			buildSettings = {
				ASSETCATALOG_COMPILER_APPICON_NAME = AppIcon;
				CODE_SIGN_IDENTITY = "iPhone Developer";
				"CODE_SIGN_IDENTITY[sdk=iphoneos*]" = "iPhone Developer";
				INFOPLIST_FILE = VVCamera/Info.plist;
				IPHONEOS_DEPLOYMENT_TARGET = 7.0;
				LD_RUNPATH_SEARCH_PATHS = "$(inherited) @executable_path/Frameworks";
				PRODUCT_NAME = "Vulcan Vision Camera";
				PROVISIONING_PROFILE = "";
			};
			name = Release;
		};
		902A013D1B7A27FE00488808 /* Debug */ = {
			isa = XCBuildConfiguration;
			buildSettings = {
				BUNDLE_LOADER = "$(TEST_HOST)";
				FRAMEWORK_SEARCH_PATHS = (
					"$(SDKROOT)/Developer/Library/Frameworks",
					"$(inherited)",
				);
				GCC_PREPROCESSOR_DEFINITIONS = (
					"DEBUG=1",
					"$(inherited)",
				);
				INFOPLIST_FILE = VVCameraTests/Info.plist;
				LD_RUNPATH_SEARCH_PATHS = "$(inherited) @executable_path/Frameworks @loader_path/Frameworks";
				PRODUCT_NAME = "Vulcan Vision CameraTests";
				TEST_HOST = "$(BUILT_PRODUCTS_DIR)/VVCamera.app/VVCamera";
			};
			name = Debug;
		};
		902A013E1B7A27FE00488808 /* Release */ = {
			isa = XCBuildConfiguration;
			buildSettings = {
				BUNDLE_LOADER = "$(TEST_HOST)";
				FRAMEWORK_SEARCH_PATHS = (
					"$(SDKROOT)/Developer/Library/Frameworks",
					"$(inherited)",
				);
				INFOPLIST_FILE = VVCameraTests/Info.plist;
				LD_RUNPATH_SEARCH_PATHS = "$(inherited) @executable_path/Frameworks @loader_path/Frameworks";
				PRODUCT_NAME = "Vulcan Vision CameraTests";
				TEST_HOST = "$(BUILT_PRODUCTS_DIR)/VVCamera.app/VVCamera";
			};
			name = Release;
		};
/* End XCBuildConfiguration section */

/* Begin XCConfigurationList section */
		902A01111B7A27FE00488808 /* Build configuration list for PBXProject "Vulcan Vision Camera" */ = {
			isa = XCConfigurationList;
			buildConfigurations = (
				902A01371B7A27FE00488808 /* Debug */,
				902A01381B7A27FE00488808 /* Release */,
			);
			defaultConfigurationIsVisible = 0;
			defaultConfigurationName = Release;
		};
		902A01391B7A27FE00488808 /* Build configuration list for PBXNativeTarget "Vulcan Vision Camera" */ = {
			isa = XCConfigurationList;
			buildConfigurations = (
				902A013A1B7A27FE00488808 /* Debug */,
				902A013B1B7A27FE00488808 /* Release */,
			);
			defaultConfigurationIsVisible = 0;
			defaultConfigurationName = Release;
		};
		902A013C1B7A27FE00488808 /* Build configuration list for PBXNativeTarget "Vulcan Vision CameraTests" */ = {
			isa = XCConfigurationList;
			buildConfigurations = (
				902A013D1B7A27FE00488808 /* Debug */,
				902A013E1B7A27FE00488808 /* Release */,
			);
			defaultConfigurationIsVisible = 0;
			defaultConfigurationName = Release;
		};
/* End XCConfigurationList section */
	};
	rootObject = 902A010E1B7A27FE00488808 /* Project object */;
}
