// !$*UTF8*$!
{
	archiveVersion = 1;
	classes = {
	};
	objectVersion = 46;
	objects = {

/* Begin PBXBuildFile section */
		320685831BBD468000FAAC56 /* CommonNotificationNames.m in Sources */ = {isa = PBXBuildFile; fileRef = 3206857E1BBD468000FAAC56 /* CommonNotificationNames.m */; };
		320685841BBD468000FAAC56 /* CommonUtility.m in Sources */ = {isa = PBXBuildFile; fileRef = 320685801BBD468000FAAC56 /* CommonUtility.m */; };
		320685851BBD468000FAAC56 /* NetworkSocketHandler.m in Sources */ = {isa = PBXBuildFile; fileRef = 320685821BBD468000FAAC56 /* NetworkSocketHandler.m */; };
		320DF26C1C4E6A5E0086E340 /* AppIcon.png in Resources */ = {isa = PBXBuildFile; fileRef = 320DF26B1C4E6A5E0086E340 /* AppIcon.png */; };
		321325731C3AB5440059BC97 /* AboutView.m in Sources */ = {isa = PBXBuildFile; fileRef = 321325721C3AB5440059BC97 /* AboutView.m */; };
		3213257F1C3BD41E0059BC97 /* SplashScreen.xib in Resources */ = {isa = PBXBuildFile; fileRef = 3213257E1C3BD41E0059BC97 /* SplashScreen.xib */; };
		321325821C3BD4EE0059BC97 /* SplashScreen.m in Sources */ = {isa = PBXBuildFile; fileRef = 321325811C3BD4EE0059BC97 /* SplashScreen.m */; };
		321325851C3BF9D80059BC97 /* ImageUtility.m in Sources */ = {isa = PBXBuildFile; fileRef = 321325841C3BF9D80059BC97 /* ImageUtility.m */; };
		321325881C3BFE970059BC97 /* VideoOutput.m in Sources */ = {isa = PBXBuildFile; fileRef = 321325871C3BFE970059BC97 /* VideoOutput.m */; };
		3213258B1C3C0ABB0059BC97 /* AudioOutput.m in Sources */ = {isa = PBXBuildFile; fileRef = 3213258A1C3C0ABB0059BC97 /* AudioOutput.m */; };
		323CFABB1BAB0556003BFF22 /* Foundation.framework in Frameworks */ = {isa = PBXBuildFile; fileRef = 323CFABA1BAB0556003BFF22 /* Foundation.framework */; };
		323CFABD1BAB05BD003BFF22 /* UIKit.framework in Frameworks */ = {isa = PBXBuildFile; fileRef = 323CFABC1BAB05BD003BFF22 /* UIKit.framework */; };
		3256ACAF1BD1379300D06327 /* CamNotificationNames.m in Sources */ = {isa = PBXBuildFile; fileRef = 3256ACAE1BD1379300D06327 /* CamNotificationNames.m */; };
		325E862F1BAB0A610051C4DA /* CommandType.m in Sources */ = {isa = PBXBuildFile; fileRef = 325E862C1BAB0A610051C4DA /* CommandType.m */; };
		32855ACC1B95C6BC003CC551 /* AVCaptureManager.m in Sources */ = {isa = PBXBuildFile; fileRef = 32855AC21B95C6BC003CC551 /* AVCaptureManager.m */; };
		32855ACE1B95C6BC003CC551 /* CameraProtocol.m in Sources */ = {isa = PBXBuildFile; fileRef = 32855AC61B95C6BC003CC551 /* CameraProtocol.m */; };
		32855ACF1B95C6BC003CC551 /* CameraSettings.m in Sources */ = {isa = PBXBuildFile; fileRef = 32855AC81B95C6BC003CC551 /* CameraSettings.m */; };
		32855AD01B95C6BC003CC551 /* Main.storyboard in Resources */ = {isa = PBXBuildFile; fileRef = 32855AC91B95C6BC003CC551 /* Main.storyboard */; };
		32855AD11B95C6BC003CC551 /* StreamServer.m in Sources */ = {isa = PBXBuildFile; fileRef = 32855ACB1B95C6BC003CC551 /* StreamServer.m */; };
		32855AE71B95C6F0003CC551 /* Command.m in Sources */ = {isa = PBXBuildFile; fileRef = 32855AD31B95C6F0003CC551 /* Command.m */; };
		32855AE81B95C6F0003CC551 /* Packet.m in Sources */ = {isa = PBXBuildFile; fileRef = 32855ADA1B95C6F0003CC551 /* Packet.m */; };
		32855AE91B95C6F0003CC551 /* VVProtocol.m in Sources */ = {isa = PBXBuildFile; fileRef = 32855ADB1B95C6F0003CC551 /* VVProtocol.m */; };
		32855AEA1B95C6F0003CC551 /* ProtocolUtility.m in Sources */ = {isa = PBXBuildFile; fileRef = 32855ADE1B95C6F0003CC551 /* ProtocolUtility.m */; };
		32855AED1B95C6F0003CC551 /* CommandWithValue.m in Sources */ = {isa = PBXBuildFile; fileRef = 32855AE21B95C6F0003CC551 /* CommandWithValue.m */; };
		32855AEE1B95C6F0003CC551 /* MessageHandler.m in Sources */ = {isa = PBXBuildFile; fileRef = 32855AE31B95C6F0003CC551 /* MessageHandler.m */; };
		32DF0F391B95C4E000467255 /* main.m in Sources */ = {isa = PBXBuildFile; fileRef = 32DF0F381B95C4E000467255 /* main.m */; };
		32DF0F3C1B95C4E000467255 /* AppDelegate.m in Sources */ = {isa = PBXBuildFile; fileRef = 32DF0F3B1B95C4E000467255 /* AppDelegate.m */; };
		32DF0F3F1B95C4E000467255 /* ViewController.m in Sources */ = {isa = PBXBuildFile; fileRef = 32DF0F3E1B95C4E000467255 /* ViewController.m */; };
		32DF0F441B95C4E000467255 /* Images.xcassets in Resources */ = {isa = PBXBuildFile; fileRef = 32DF0F431B95C4E000467255 /* Images.xcassets */; };
		32DF0F531B95C4E000467255 /* ubiQVue_CamTests.m in Sources */ = {isa = PBXBuildFile; fileRef = 32DF0F521B95C4E000467255 /* ubiQVue_CamTests.m */; };
		AA9FB3B8F54D115B5737BD14 /* libPods.a in Frameworks */ = {isa = PBXBuildFile; fileRef = 40D10F2B7CB5532A6B712E60 /* libPods.a */; };
/* End PBXBuildFile section */

/* Begin PBXContainerItemProxy section */
		32DF0F4D1B95C4E000467255 /* PBXContainerItemProxy */ = {
			isa = PBXContainerItemProxy;
			containerPortal = 32DF0F2B1B95C4E000467255 /* Project object */;
			proxyType = 1;
			remoteGlobalIDString = 32DF0F321B95C4E000467255;
			remoteInfo = "ubiQVue Cam";
		};
/* End PBXContainerItemProxy section */

/* Begin PBXFileReference section */
		0574276F78C5040100A8F126 /* Pods.debug.xcconfig */ = {isa = PBXFileReference; includeInIndex = 1; lastKnownFileType = text.xcconfig; name = Pods.debug.xcconfig; path = "Pods/Target Support Files/Pods/Pods.debug.xcconfig"; sourceTree = "<group>"; };
		3206857D1BBD468000FAAC56 /* CommonNotificationNames.h */ = {isa = PBXFileReference; fileEncoding = 4; lastKnownFileType = sourcecode.c.h; path = CommonNotificationNames.h; sourceTree = "<group>"; };
		3206857E1BBD468000FAAC56 /* CommonNotificationNames.m */ = {isa = PBXFileReference; fileEncoding = 4; lastKnownFileType = sourcecode.c.objc; path = CommonNotificationNames.m; sourceTree = "<group>"; };
		3206857F1BBD468000FAAC56 /* CommonUtility.h */ = {isa = PBXFileReference; fileEncoding = 4; lastKnownFileType = sourcecode.c.h; path = CommonUtility.h; sourceTree = "<group>"; };
		320685801BBD468000FAAC56 /* CommonUtility.m */ = {isa = PBXFileReference; fileEncoding = 4; lastKnownFileType = sourcecode.c.objc; path = CommonUtility.m; sourceTree = "<group>"; };
		320685811BBD468000FAAC56 /* NetworkSocketHandler.h */ = {isa = PBXFileReference; fileEncoding = 4; lastKnownFileType = sourcecode.c.h; path = NetworkSocketHandler.h; sourceTree = "<group>"; };
		320685821BBD468000FAAC56 /* NetworkSocketHandler.m */ = {isa = PBXFileReference; fileEncoding = 4; lastKnownFileType = sourcecode.c.objc; path = NetworkSocketHandler.m; sourceTree = "<group>"; };
		320DF26B1C4E6A5E0086E340 /* AppIcon.png */ = {isa = PBXFileReference; lastKnownFileType = image.png; name = AppIcon.png; path = "vulCam eye/AppIcon.png"; sourceTree = "<group>"; };
		321325711C3AB5440059BC97 /* AboutView.h */ = {isa = PBXFileReference; fileEncoding = 4; lastKnownFileType = sourcecode.c.h; path = AboutView.h; sourceTree = "<group>"; };
		321325721C3AB5440059BC97 /* AboutView.m */ = {isa = PBXFileReference; fileEncoding = 4; lastKnownFileType = sourcecode.c.objc; path = AboutView.m; sourceTree = "<group>"; };
		3213257E1C3BD41E0059BC97 /* SplashScreen.xib */ = {isa = PBXFileReference; fileEncoding = 4; lastKnownFileType = file.xib; path = SplashScreen.xib; sourceTree = "<group>"; };
		321325801C3BD4EE0059BC97 /* SplashScreen.h */ = {isa = PBXFileReference; fileEncoding = 4; lastKnownFileType = sourcecode.c.h; path = SplashScreen.h; sourceTree = "<group>"; };
		321325811C3BD4EE0059BC97 /* SplashScreen.m */ = {isa = PBXFileReference; fileEncoding = 4; lastKnownFileType = sourcecode.c.objc; path = SplashScreen.m; sourceTree = "<group>"; };
		321325831C3BF9D80059BC97 /* ImageUtility.h */ = {isa = PBXFileReference; fileEncoding = 4; lastKnownFileType = sourcecode.c.h; path = ImageUtility.h; sourceTree = "<group>"; };
		321325841C3BF9D80059BC97 /* ImageUtility.m */ = {isa = PBXFileReference; fileEncoding = 4; lastKnownFileType = sourcecode.c.objc; path = ImageUtility.m; sourceTree = "<group>"; };
		321325861C3BFE970059BC97 /* VideoOutput.h */ = {isa = PBXFileReference; fileEncoding = 4; lastKnownFileType = sourcecode.c.h; path = VideoOutput.h; sourceTree = "<group>"; };
		321325871C3BFE970059BC97 /* VideoOutput.m */ = {isa = PBXFileReference; fileEncoding = 4; lastKnownFileType = sourcecode.c.objc; path = VideoOutput.m; sourceTree = "<group>"; };
		321325891C3C0ABB0059BC97 /* AudioOutput.h */ = {isa = PBXFileReference; fileEncoding = 4; lastKnownFileType = sourcecode.c.h; path = AudioOutput.h; sourceTree = "<group>"; };
		3213258A1C3C0ABB0059BC97 /* AudioOutput.m */ = {isa = PBXFileReference; fileEncoding = 4; lastKnownFileType = sourcecode.c.objc; path = AudioOutput.m; sourceTree = "<group>"; };
		323CFABA1BAB0556003BFF22 /* Foundation.framework */ = {isa = PBXFileReference; lastKnownFileType = wrapper.framework; name = Foundation.framework; path = System/Library/Frameworks/Foundation.framework; sourceTree = SDKROOT; };
		323CFABC1BAB05BD003BFF22 /* UIKit.framework */ = {isa = PBXFileReference; lastKnownFileType = wrapper.framework; name = UIKit.framework; path = System/Library/Frameworks/UIKit.framework; sourceTree = SDKROOT; };
		3256ACAE1BD1379300D06327 /* CamNotificationNames.m */ = {isa = PBXFileReference; fileEncoding = 4; lastKnownFileType = sourcecode.c.objc; path = CamNotificationNames.m; sourceTree = "<group>"; };
		3256ACB01BD137AA00D06327 /* CamNotificationNames.h */ = {isa = PBXFileReference; lastKnownFileType = sourcecode.c.h; path = CamNotificationNames.h; sourceTree = "<group>"; };
		325E862C1BAB0A610051C4DA /* CommandType.m */ = {isa = PBXFileReference; fileEncoding = 4; lastKnownFileType = sourcecode.c.objc; path = CommandType.m; sourceTree = "<group>"; };
		32855AC11B95C6BC003CC551 /* AVCaptureManager.h */ = {isa = PBXFileReference; fileEncoding = 4; lastKnownFileType = sourcecode.c.h; path = AVCaptureManager.h; sourceTree = "<group>"; };
		32855AC21B95C6BC003CC551 /* AVCaptureManager.m */ = {isa = PBXFileReference; fileEncoding = 4; lastKnownFileType = sourcecode.c.objc; path = AVCaptureManager.m; sourceTree = "<group>"; };
		32855AC51B95C6BC003CC551 /* CameraProtocol.h */ = {isa = PBXFileReference; fileEncoding = 4; lastKnownFileType = sourcecode.c.h; path = CameraProtocol.h; sourceTree = "<group>"; };
		32855AC61B95C6BC003CC551 /* CameraProtocol.m */ = {isa = PBXFileReference; fileEncoding = 4; lastKnownFileType = sourcecode.c.objc; path = CameraProtocol.m; sourceTree = "<group>"; };
		32855AC71B95C6BC003CC551 /* CameraSettings.h */ = {isa = PBXFileReference; fileEncoding = 4; lastKnownFileType = sourcecode.c.h; path = CameraSettings.h; sourceTree = "<group>"; };
		32855AC81B95C6BC003CC551 /* CameraSettings.m */ = {isa = PBXFileReference; fileEncoding = 4; lastKnownFileType = sourcecode.c.objc; path = CameraSettings.m; sourceTree = "<group>"; };
		32855AC91B95C6BC003CC551 /* Main.storyboard */ = {isa = PBXFileReference; fileEncoding = 4; lastKnownFileType = file.storyboard; path = Main.storyboard; sourceTree = "<group>"; };
		32855ACA1B95C6BC003CC551 /* StreamServer.h */ = {isa = PBXFileReference; fileEncoding = 4; lastKnownFileType = sourcecode.c.h; path = StreamServer.h; sourceTree = "<group>"; };
		32855ACB1B95C6BC003CC551 /* StreamServer.m */ = {isa = PBXFileReference; fileEncoding = 4; lastKnownFileType = sourcecode.c.objc; path = StreamServer.m; sourceTree = "<group>"; };
		32855AD31B95C6F0003CC551 /* Command.m */ = {isa = PBXFileReference; fileEncoding = 4; lastKnownFileType = sourcecode.c.objc; path = Command.m; sourceTree = "<group>"; };
		32855AD41B95C6F0003CC551 /* CommandType.h */ = {isa = PBXFileReference; fileEncoding = 4; lastKnownFileType = sourcecode.c.h; path = CommandType.h; sourceTree = "<group>"; };
		32855AD51B95C6F0003CC551 /* CommandWithValue.h */ = {isa = PBXFileReference; fileEncoding = 4; lastKnownFileType = sourcecode.c.h; path = CommandWithValue.h; sourceTree = "<group>"; };
		32855AD61B95C6F0003CC551 /* MessageHandler.h */ = {isa = PBXFileReference; fileEncoding = 4; lastKnownFileType = sourcecode.c.h; path = MessageHandler.h; sourceTree = "<group>"; };
		32855AD71B95C6F0003CC551 /* Packet.h */ = {isa = PBXFileReference; fileEncoding = 4; lastKnownFileType = sourcecode.c.h; path = Packet.h; sourceTree = "<group>"; };
		32855AD91B95C6F0003CC551 /* Command.h */ = {isa = PBXFileReference; fileEncoding = 4; lastKnownFileType = sourcecode.c.h; path = Command.h; sourceTree = "<group>"; };
		32855ADA1B95C6F0003CC551 /* Packet.m */ = {isa = PBXFileReference; fileEncoding = 4; lastKnownFileType = sourcecode.c.objc; path = Packet.m; sourceTree = "<group>"; };
		32855ADB1B95C6F0003CC551 /* VVProtocol.m */ = {isa = PBXFileReference; fileEncoding = 4; lastKnownFileType = sourcecode.c.objc; path = VVProtocol.m; sourceTree = "<group>"; };
		32855ADC1B95C6F0003CC551 /* VVProtocol.h */ = {isa = PBXFileReference; fileEncoding = 4; lastKnownFileType = sourcecode.c.h; path = VVProtocol.h; sourceTree = "<group>"; };
		32855ADD1B95C6F0003CC551 /* ProtocolUtility.h */ = {isa = PBXFileReference; fileEncoding = 4; lastKnownFileType = sourcecode.c.h; path = ProtocolUtility.h; sourceTree = "<group>"; };
		32855ADE1B95C6F0003CC551 /* ProtocolUtility.m */ = {isa = PBXFileReference; fileEncoding = 4; lastKnownFileType = sourcecode.c.objc; path = ProtocolUtility.m; sourceTree = "<group>"; };
		32855AE21B95C6F0003CC551 /* CommandWithValue.m */ = {isa = PBXFileReference; fileEncoding = 4; lastKnownFileType = sourcecode.c.objc; path = CommandWithValue.m; sourceTree = "<group>"; };
		32855AE31B95C6F0003CC551 /* MessageHandler.m */ = {isa = PBXFileReference; fileEncoding = 4; lastKnownFileType = sourcecode.c.objc; path = MessageHandler.m; sourceTree = "<group>"; };
		32DF0F331B95C4E000467255 /* vulCam eye.app */ = {isa = PBXFileReference; explicitFileType = wrapper.application; includeInIndex = 0; path = "vulCam eye.app"; sourceTree = BUILT_PRODUCTS_DIR; };
		32DF0F371B95C4E000467255 /* Info.plist */ = {isa = PBXFileReference; lastKnownFileType = text.plist.xml; path = Info.plist; sourceTree = "<group>"; };
		32DF0F381B95C4E000467255 /* main.m */ = {isa = PBXFileReference; lastKnownFileType = sourcecode.c.objc; path = main.m; sourceTree = "<group>"; };
		32DF0F3A1B95C4E000467255 /* AppDelegate.h */ = {isa = PBXFileReference; lastKnownFileType = sourcecode.c.h; path = AppDelegate.h; sourceTree = "<group>"; };
		32DF0F3B1B95C4E000467255 /* AppDelegate.m */ = {isa = PBXFileReference; lastKnownFileType = sourcecode.c.objc; path = AppDelegate.m; sourceTree = "<group>"; };
		32DF0F3D1B95C4E000467255 /* ViewController.h */ = {isa = PBXFileReference; lastKnownFileType = sourcecode.c.h; path = ViewController.h; sourceTree = "<group>"; };
		32DF0F3E1B95C4E000467255 /* ViewController.m */ = {isa = PBXFileReference; lastKnownFileType = sourcecode.c.objc; path = ViewController.m; sourceTree = "<group>"; };
		32DF0F431B95C4E000467255 /* Images.xcassets */ = {isa = PBXFileReference; lastKnownFileType = folder.assetcatalog; path = Images.xcassets; sourceTree = "<group>"; };
		32DF0F4C1B95C4E000467255 /* vulCam eyeTests.xctest */ = {isa = PBXFileReference; explicitFileType = wrapper.cfbundle; includeInIndex = 0; path = "vulCam eyeTests.xctest"; sourceTree = BUILT_PRODUCTS_DIR; };
		32DF0F511B95C4E000467255 /* Info.plist */ = {isa = PBXFileReference; lastKnownFileType = text.plist.xml; path = Info.plist; sourceTree = "<group>"; };
		32DF0F521B95C4E000467255 /* ubiQVue_CamTests.m */ = {isa = PBXFileReference; lastKnownFileType = sourcecode.c.objc; path = ubiQVue_CamTests.m; sourceTree = "<group>"; };
		40D10F2B7CB5532A6B712E60 /* libPods.a */ = {isa = PBXFileReference; explicitFileType = archive.ar; includeInIndex = 0; path = libPods.a; sourceTree = BUILT_PRODUCTS_DIR; };
		E0F3FE66C916650BC3DEC008 /* Pods.release.xcconfig */ = {isa = PBXFileReference; includeInIndex = 1; lastKnownFileType = text.xcconfig; name = Pods.release.xcconfig; path = "Pods/Target Support Files/Pods/Pods.release.xcconfig"; sourceTree = "<group>"; };
/* End PBXFileReference section */

/* Begin PBXFrameworksBuildPhase section */
		32DF0F301B95C4E000467255 /* Frameworks */ = {
			isa = PBXFrameworksBuildPhase;
			buildActionMask = 2147483647;
			files = (
				323CFABD1BAB05BD003BFF22 /* UIKit.framework in Frameworks */,
				323CFABB1BAB0556003BFF22 /* Foundation.framework in Frameworks */,
				AA9FB3B8F54D115B5737BD14 /* libPods.a in Frameworks */,
			);
			runOnlyForDeploymentPostprocessing = 0;
		};
		32DF0F491B95C4E000467255 /* Frameworks */ = {
			isa = PBXFrameworksBuildPhase;
			buildActionMask = 2147483647;
			files = (
			);
			runOnlyForDeploymentPostprocessing = 0;
		};
/* End PBXFrameworksBuildPhase section */

/* Begin PBXGroup section */
		0D9B06C1738086AF76B66B05 /* Frameworks */ = {
			isa = PBXGroup;
			children = (
				323CFABC1BAB05BD003BFF22 /* UIKit.framework */,
				323CFABA1BAB0556003BFF22 /* Foundation.framework */,
				40D10F2B7CB5532A6B712E60 /* libPods.a */,
			);
			name = Frameworks;
			sourceTree = "<group>";
		};
		168C38C7C373001856A71E59 /* Pods */ = {
			isa = PBXGroup;
			children = (
				0574276F78C5040100A8F126 /* Pods.debug.xcconfig */,
				E0F3FE66C916650BC3DEC008 /* Pods.release.xcconfig */,
			);
			name = Pods;
			sourceTree = "<group>";
		};
		32855AD21B95C6F0003CC551 /* Common */ = {
			isa = PBXGroup;
			children = (
				321325801C3BD4EE0059BC97 /* SplashScreen.h */,
				321325811C3BD4EE0059BC97 /* SplashScreen.m */,
				3206857D1BBD468000FAAC56 /* CommonNotificationNames.h */,
				3206857E1BBD468000FAAC56 /* CommonNotificationNames.m */,
				3206857F1BBD468000FAAC56 /* CommonUtility.h */,
				320685801BBD468000FAAC56 /* CommonUtility.m */,
				320685811BBD468000FAAC56 /* NetworkSocketHandler.h */,
				320685821BBD468000FAAC56 /* NetworkSocketHandler.m */,
				32855AD91B95C6F0003CC551 /* Command.h */,
				32855AD31B95C6F0003CC551 /* Command.m */,
				32855AD41B95C6F0003CC551 /* CommandType.h */,
				325E862C1BAB0A610051C4DA /* CommandType.m */,
				32855AD51B95C6F0003CC551 /* CommandWithValue.h */,
				32855AE21B95C6F0003CC551 /* CommandWithValue.m */,
				32855AD61B95C6F0003CC551 /* MessageHandler.h */,
				32855AE31B95C6F0003CC551 /* MessageHandler.m */,
				32855AD71B95C6F0003CC551 /* Packet.h */,
				32855ADA1B95C6F0003CC551 /* Packet.m */,
				32855ADB1B95C6F0003CC551 /* VVProtocol.m */,
				32855ADC1B95C6F0003CC551 /* VVProtocol.h */,
				32855ADD1B95C6F0003CC551 /* ProtocolUtility.h */,
				32855ADE1B95C6F0003CC551 /* ProtocolUtility.m */,
			);
			path = Common;
			sourceTree = "<group>";
		};
		32DF0F2A1B95C4E000467255 = {
			isa = PBXGroup;
			children = (
				320DF26B1C4E6A5E0086E340 /* AppIcon.png */,
				32DF0F351B95C4E000467255 /* vulCam eye */,
				32DF0F4F1B95C4E000467255 /* vulCam eyeTests */,
				32DF0F341B95C4E000467255 /* Products */,
				168C38C7C373001856A71E59 /* Pods */,
				0D9B06C1738086AF76B66B05 /* Frameworks */,
			);
			sourceTree = "<group>";
		};
		32DF0F341B95C4E000467255 /* Products */ = {
			isa = PBXGroup;
			children = (
				32DF0F331B95C4E000467255 /* vulCam eye.app */,
				32DF0F4C1B95C4E000467255 /* vulCam eyeTests.xctest */,
			);
			name = Products;
			sourceTree = "<group>";
		};
		32DF0F351B95C4E000467255 /* vulCam eye */ = {
			isa = PBXGroup;
			children = (
				32855AD21B95C6F0003CC551 /* Common */,
				32855AC11B95C6BC003CC551 /* AVCaptureManager.h */,
				32855AC21B95C6BC003CC551 /* AVCaptureManager.m */,
				32855AC51B95C6BC003CC551 /* CameraProtocol.h */,
				32855AC61B95C6BC003CC551 /* CameraProtocol.m */,
				32855AC71B95C6BC003CC551 /* CameraSettings.h */,
				32855AC81B95C6BC003CC551 /* CameraSettings.m */,
				32855AC91B95C6BC003CC551 /* Main.storyboard */,
				32855ACA1B95C6BC003CC551 /* StreamServer.h */,
				32855ACB1B95C6BC003CC551 /* StreamServer.m */,
				32DF0F3A1B95C4E000467255 /* AppDelegate.h */,
				32DF0F3B1B95C4E000467255 /* AppDelegate.m */,
				32DF0F3D1B95C4E000467255 /* ViewController.h */,
				32DF0F3E1B95C4E000467255 /* ViewController.m */,
				321325711C3AB5440059BC97 /* AboutView.h */,
				321325721C3AB5440059BC97 /* AboutView.m */,
				3256ACB01BD137AA00D06327 /* CamNotificationNames.h */,
				3256ACAE1BD1379300D06327 /* CamNotificationNames.m */,
				3213257E1C3BD41E0059BC97 /* SplashScreen.xib */,
				321325831C3BF9D80059BC97 /* ImageUtility.h */,
				321325841C3BF9D80059BC97 /* ImageUtility.m */,
				321325861C3BFE970059BC97 /* VideoOutput.h */,
				321325871C3BFE970059BC97 /* VideoOutput.m */,
				321325891C3C0ABB0059BC97 /* AudioOutput.h */,
				3213258A1C3C0ABB0059BC97 /* AudioOutput.m */,
				32DF0F431B95C4E000467255 /* Images.xcassets */,
				32DF0F361B95C4E000467255 /* Supporting Files */,
			);
			path = "vulCam eye";
			sourceTree = "<group>";
		};
		32DF0F361B95C4E000467255 /* Supporting Files */ = {
			isa = PBXGroup;
			children = (
				32DF0F371B95C4E000467255 /* Info.plist */,
				32DF0F381B95C4E000467255 /* main.m */,
			);
			name = "Supporting Files";
			sourceTree = "<group>";
		};
		32DF0F4F1B95C4E000467255 /* vulCam eyeTests */ = {
			isa = PBXGroup;
			children = (
				32DF0F521B95C4E000467255 /* ubiQVue_CamTests.m */,
				32DF0F501B95C4E000467255 /* Supporting Files */,
			);
			name = "vulCam eyeTests";
			path = "ubiQVue CamTests";
			sourceTree = "<group>";
		};
		32DF0F501B95C4E000467255 /* Supporting Files */ = {
			isa = PBXGroup;
			children = (
				32DF0F511B95C4E000467255 /* Info.plist */,
			);
			name = "Supporting Files";
			sourceTree = "<group>";
		};
/* End PBXGroup section */

/* Begin PBXNativeTarget section */
		32DF0F321B95C4E000467255 /* vulCam eye */ = {
			isa = PBXNativeTarget;
			buildConfigurationList = 32DF0F561B95C4E000467255 /* Build configuration list for PBXNativeTarget "vulCam eye" */;
			buildPhases = (
				F2DD8C832C38BBDCF43E6B37 /* Check Pods Manifest.lock */,
				32DF0F2F1B95C4E000467255 /* Sources */,
				32DF0F301B95C4E000467255 /* Frameworks */,
				32855AF51B95D569003CC551 /* ShellScript */,
				32DF0F311B95C4E000467255 /* Resources */,
				F2C353BC0A7737013211D891 /* Copy Pods Resources */,
				32855AF41B95D4DA003CC551 /* Set Build Number */,
				4F682504FEAA2B6A45C1DBE8 /* Embed Pods Frameworks */,
			);
			buildRules = (
			);
			dependencies = (
			);
			name = "vulCam eye";
			productName = "ubiQVue Cam";
			productReference = 32DF0F331B95C4E000467255 /* vulCam eye.app */;
			productType = "com.apple.product-type.application";
		};
		32DF0F4B1B95C4E000467255 /* vulCam eyeTests */ = {
			isa = PBXNativeTarget;
			buildConfigurationList = 32DF0F591B95C4E000467255 /* Build configuration list for PBXNativeTarget "vulCam eyeTests" */;
			buildPhases = (
				32DF0F481B95C4E000467255 /* Sources */,
				32DF0F491B95C4E000467255 /* Frameworks */,
				32DF0F4A1B95C4E000467255 /* Resources */,
			);
			buildRules = (
			);
			dependencies = (
				32DF0F4E1B95C4E000467255 /* PBXTargetDependency */,
			);
			name = "vulCam eyeTests";
			productName = "ubiQVue CamTests";
			productReference = 32DF0F4C1B95C4E000467255 /* vulCam eyeTests.xctest */;
			productType = "com.apple.product-type.bundle.unit-test";
		};
/* End PBXNativeTarget section */

/* Begin PBXProject section */
		32DF0F2B1B95C4E000467255 /* Project object */ = {
			isa = PBXProject;
			attributes = {
				LastUpgradeCheck = 0700;
				ORGANIZATIONNAME = "Bitwise Oy";
				TargetAttributes = {
					32DF0F321B95C4E000467255 = {
						CreatedOnToolsVersion = 6.4;
						DevelopmentTeam = DGW49RWNU5;
					};
					32DF0F4B1B95C4E000467255 = {
						CreatedOnToolsVersion = 6.4;
						TestTargetID = 32DF0F321B95C4E000467255;
					};
				};
			};
			buildConfigurationList = 32DF0F2E1B95C4E000467255 /* Build configuration list for PBXProject "vulCam eye" */;
			compatibilityVersion = "Xcode 3.2";
			developmentRegion = English;
			hasScannedForEncodings = 0;
			knownRegions = (
				en,
				Base,
			);
			mainGroup = 32DF0F2A1B95C4E000467255;
			productRefGroup = 32DF0F341B95C4E000467255 /* Products */;
			projectDirPath = "";
			projectRoot = "";
			targets = (
				32DF0F321B95C4E000467255 /* vulCam eye */,
				32DF0F4B1B95C4E000467255 /* vulCam eyeTests */,
			);
		};
/* End PBXProject section */

/* Begin PBXResourcesBuildPhase section */
		32DF0F311B95C4E000467255 /* Resources */ = {
			isa = PBXResourcesBuildPhase;
			buildActionMask = 2147483647;
			files = (
				320DF26C1C4E6A5E0086E340 /* AppIcon.png in Resources */,
				32855AD01B95C6BC003CC551 /* Main.storyboard in Resources */,
				32DF0F441B95C4E000467255 /* Images.xcassets in Resources */,
				3213257F1C3BD41E0059BC97 /* SplashScreen.xib in Resources */,
			);
			runOnlyForDeploymentPostprocessing = 0;
		};
		32DF0F4A1B95C4E000467255 /* Resources */ = {
			isa = PBXResourcesBuildPhase;
			buildActionMask = 2147483647;
			files = (
			);
			runOnlyForDeploymentPostprocessing = 0;
		};
/* End PBXResourcesBuildPhase section */

/* Begin PBXShellScriptBuildPhase section */
		32855AF41B95D4DA003CC551 /* Set Build Number */ = {
			isa = PBXShellScriptBuildPhase;
			buildActionMask = 2147483647;
			files = (
			);
			inputPaths = (
			);
			name = "Set Build Number";
			outputPaths = (
			);
			runOnlyForDeploymentPostprocessing = 0;
			shellPath = /bin/bash;
			shellScript = "#\n# Set the build number to the current git commit count.\n# If we're using the Dev scheme, then we'll suffix the build\n# number with the current branch name, to make collisions\n# far less likely across feature branches.\n# Based on: http://w3facility.info/question/how-do-i-force-xcode-to-rebuild-the-info-plist-file-in-my-project-every-time-i-build-the-project/\n# From: http://blog.jaredsinclair.com/post/97193356620/the-best-of-all-possible-xcode-automated-build?utm_campaign=iOS_Dev_Weekly_Issue_163&utm_medium=email&utm_source=iOS%2BDev%2BWeekly\n\ngit=`sh /etc/profile; which git`\nappBuild=`\"$git\" rev-list head |wc -l`\n# Add an offset to make new builds with higher build number than 1.0.0\nappBuild=$((appBuild + 25))\necho \"Using $CONFIGURATION configuration\"\nif [ $CONFIGURATION = \"Debug\" ]; then\nbranchName=`\"$git\" rev-parse --abbrev-ref HEAD`\n/usr/libexec/PlistBuddy -c \"Set :CFBundleVersion $appBuild-$branchName\" \"${TARGET_BUILD_DIR}/${INFOPLIST_PATH}\"\nelse\n/usr/libexec/PlistBuddy -c \"Set :CFBundleVersion $appBuild\" \"${TARGET_BUILD_DIR}/${INFOPLIST_PATH}\"\nfi\necho \"Updated ${TARGET_BUILD_DIR}/${INFOPLIST_PATH}\"";
		};
		32855AF51B95D569003CC551 /* ShellScript */ = {
			isa = PBXShellScriptBuildPhase;
			buildActionMask = 8;
			files = (
			);
			inputPaths = (
			);
			outputPaths = (
			);
			runOnlyForDeploymentPostprocessing = 1;
			shellPath = /bin/sh;
			shellScript = "buildNumber=$(/usr/libexec/PlistBuddy -c \"Print CFBundleVersion\" \"$INFOPLIST_FILE\")\nbuildNumber=$(($buildNumber + 1))\n/usr/libexec/PlistBuddy -c \"Set :CFBundleVersion $buildNumber\" \"$INFOPLIST_FILE\"\n";
		};
		4F682504FEAA2B6A45C1DBE8 /* Embed Pods Frameworks */ = {
			isa = PBXShellScriptBuildPhase;
			buildActionMask = 2147483647;
			files = (
			);
			inputPaths = (
			);
			name = "Embed Pods Frameworks";
			outputPaths = (
			);
			runOnlyForDeploymentPostprocessing = 0;
			shellPath = /bin/sh;
			shellScript = "\"${SRCROOT}/Pods/Target Support Files/Pods/Pods-frameworks.sh\"\n";
			showEnvVarsInLog = 0;
		};
		F2C353BC0A7737013211D891 /* Copy Pods Resources */ = {
			isa = PBXShellScriptBuildPhase;
			buildActionMask = 2147483647;
			files = (
			);
			inputPaths = (
			);
			name = "Copy Pods Resources";
			outputPaths = (
			);
			runOnlyForDeploymentPostprocessing = 0;
			shellPath = /bin/sh;
			shellScript = "\"${SRCROOT}/Pods/Target Support Files/Pods/Pods-resources.sh\"\n";
			showEnvVarsInLog = 0;
		};
		F2DD8C832C38BBDCF43E6B37 /* Check Pods Manifest.lock */ = {
			isa = PBXShellScriptBuildPhase;
			buildActionMask = 2147483647;
			files = (
			);
			inputPaths = (
			);
			name = "Check Pods Manifest.lock";
			outputPaths = (
			);
			runOnlyForDeploymentPostprocessing = 0;
			shellPath = /bin/sh;
			shellScript = "diff \"${PODS_ROOT}/../Podfile.lock\" \"${PODS_ROOT}/Manifest.lock\" > /dev/null\nif [[ $? != 0 ]] ; then\n    cat << EOM\nerror: The sandbox is not in sync with the Podfile.lock. Run 'pod install' or update your CocoaPods installation.\nEOM\n    exit 1\nfi\n";
			showEnvVarsInLog = 0;
		};
/* End PBXShellScriptBuildPhase section */

/* Begin PBXSourcesBuildPhase section */
		32DF0F2F1B95C4E000467255 /* Sources */ = {
			isa = PBXSourcesBuildPhase;
			buildActionMask = 2147483647;
			files = (
				3213258B1C3C0ABB0059BC97 /* AudioOutput.m in Sources */,
				32855ACE1B95C6BC003CC551 /* CameraProtocol.m in Sources */,
				32DF0F3F1B95C4E000467255 /* ViewController.m in Sources */,
				321325851C3BF9D80059BC97 /* ImageUtility.m in Sources */,
				320685851BBD468000FAAC56 /* NetworkSocketHandler.m in Sources */,
				32855AEA1B95C6F0003CC551 /* ProtocolUtility.m in Sources */,
				321325821C3BD4EE0059BC97 /* SplashScreen.m in Sources */,
				32855ACF1B95C6BC003CC551 /* CameraSettings.m in Sources */,
				32855AE91B95C6F0003CC551 /* VVProtocol.m in Sources */,
				32DF0F3C1B95C4E000467255 /* AppDelegate.m in Sources */,
				32855AED1B95C6F0003CC551 /* CommandWithValue.m in Sources */,
				320685841BBD468000FAAC56 /* CommonUtility.m in Sources */,
				32855AD11B95C6BC003CC551 /* StreamServer.m in Sources */,
				325E862F1BAB0A610051C4DA /* CommandType.m in Sources */,
				3256ACAF1BD1379300D06327 /* CamNotificationNames.m in Sources */,
				32855AE81B95C6F0003CC551 /* Packet.m in Sources */,
				32DF0F391B95C4E000467255 /* main.m in Sources */,
				32855AE71B95C6F0003CC551 /* Command.m in Sources */,
				32855AEE1B95C6F0003CC551 /* MessageHandler.m in Sources */,
				321325881C3BFE970059BC97 /* VideoOutput.m in Sources */,
				320685831BBD468000FAAC56 /* CommonNotificationNames.m in Sources */,
				32855ACC1B95C6BC003CC551 /* AVCaptureManager.m in Sources */,
				321325731C3AB5440059BC97 /* AboutView.m in Sources */,
			);
			runOnlyForDeploymentPostprocessing = 0;
		};
		32DF0F481B95C4E000467255 /* Sources */ = {
			isa = PBXSourcesBuildPhase;
			buildActionMask = 2147483647;
			files = (
				32DF0F531B95C4E000467255 /* ubiQVue_CamTests.m in Sources */,
			);
			runOnlyForDeploymentPostprocessing = 0;
		};
/* End PBXSourcesBuildPhase section */

/* Begin PBXTargetDependency section */
		32DF0F4E1B95C4E000467255 /* PBXTargetDependency */ = {
			isa = PBXTargetDependency;
			target = 32DF0F321B95C4E000467255 /* vulCam eye */;
			targetProxy = 32DF0F4D1B95C4E000467255 /* PBXContainerItemProxy */;
		};
/* End PBXTargetDependency section */

/* Begin XCBuildConfiguration section */
		32DF0F541B95C4E000467255 /* Debug */ = {
			isa = XCBuildConfiguration;
			buildSettings = {
				ALWAYS_SEARCH_USER_PATHS = NO;
				CLANG_CXX_LANGUAGE_STANDARD = "gnu++0x";
				CLANG_CXX_LIBRARY = "libc++";
				CLANG_ENABLE_MODULES = YES;
				CLANG_ENABLE_OBJC_ARC = YES;
				CLANG_WARN_BOOL_CONVERSION = YES;
				CLANG_WARN_CONSTANT_CONVERSION = YES;
				CLANG_WARN_DIRECT_OBJC_ISA_USAGE = YES_ERROR;
				CLANG_WARN_EMPTY_BODY = YES;
				CLANG_WARN_ENUM_CONVERSION = YES;
				CLANG_WARN_INT_CONVERSION = YES;
				CLANG_WARN_OBJC_ROOT_CLASS = YES_ERROR;
				CLANG_WARN_UNREACHABLE_CODE = YES;
				CLANG_WARN__DUPLICATE_METHOD_MATCH = YES;
				"CODE_SIGN_IDENTITY[sdk=iphoneos*]" = "iPhone Developer";
				COPY_PHASE_STRIP = NO;
				DEBUG_INFORMATION_FORMAT = "dwarf-with-dsym";
				ENABLE_STRICT_OBJC_MSGSEND = YES;
				ENABLE_TESTABILITY = YES;
				GCC_C_LANGUAGE_STANDARD = gnu99;
				GCC_DYNAMIC_NO_PIC = NO;
				GCC_NO_COMMON_BLOCKS = YES;
				GCC_OPTIMIZATION_LEVEL = 0;
				GCC_PREPROCESSOR_DEFINITIONS = (
					"DEBUG=1",
					"$(inherited)",
				);
				GCC_SYMBOLS_PRIVATE_EXTERN = NO;
				GCC_WARN_64_TO_32_BIT_CONVERSION = YES;
				GCC_WARN_ABOUT_RETURN_TYPE = YES_ERROR;
				GCC_WARN_UNDECLARED_SELECTOR = YES;
				GCC_WARN_UNINITIALIZED_AUTOS = YES_AGGRESSIVE;
				GCC_WARN_UNUSED_FUNCTION = YES;
				GCC_WARN_UNUSED_PARAMETER = NO;
				GCC_WARN_UNUSED_VARIABLE = YES;
				IPHONEOS_DEPLOYMENT_TARGET = 8.0;
				MTL_ENABLE_DEBUG_INFO = YES;
				ONLY_ACTIVE_ARCH = YES;
				SDKROOT = iphoneos;
				TARGETED_DEVICE_FAMILY = "1,2";
			};
			name = Debug;
		};
		32DF0F551B95C4E000467255 /* Release */ = {
			isa = XCBuildConfiguration;
			buildSettings = {
				ALWAYS_SEARCH_USER_PATHS = NO;
				CLANG_CXX_LANGUAGE_STANDARD = "gnu++0x";
				CLANG_CXX_LIBRARY = "libc++";
				CLANG_ENABLE_MODULES = YES;
				CLANG_ENABLE_OBJC_ARC = YES;
				CLANG_WARN_BOOL_CONVERSION = YES;
				CLANG_WARN_CONSTANT_CONVERSION = YES;
				CLANG_WARN_DIRECT_OBJC_ISA_USAGE = YES_ERROR;
				CLANG_WARN_EMPTY_BODY = YES;
				CLANG_WARN_ENUM_CONVERSION = YES;
				CLANG_WARN_INT_CONVERSION = YES;
				CLANG_WARN_OBJC_ROOT_CLASS = YES_ERROR;
				CLANG_WARN_UNREACHABLE_CODE = YES;
				CLANG_WARN__DUPLICATE_METHOD_MATCH = YES;
				"CODE_SIGN_IDENTITY[sdk=iphoneos*]" = "iPhone Developer";
				COPY_PHASE_STRIP = NO;
				DEBUG_INFORMATION_FORMAT = "dwarf-with-dsym";
				ENABLE_NS_ASSERTIONS = NO;
				ENABLE_STRICT_OBJC_MSGSEND = YES;
				GCC_C_LANGUAGE_STANDARD = gnu99;
				GCC_NO_COMMON_BLOCKS = YES;
				GCC_WARN_64_TO_32_BIT_CONVERSION = YES;
				GCC_WARN_ABOUT_RETURN_TYPE = YES_ERROR;
				GCC_WARN_UNDECLARED_SELECTOR = YES;
				GCC_WARN_UNINITIALIZED_AUTOS = YES_AGGRESSIVE;
				GCC_WARN_UNUSED_FUNCTION = YES;
				GCC_WARN_UNUSED_PARAMETER = NO;
				GCC_WARN_UNUSED_VARIABLE = YES;
				IPHONEOS_DEPLOYMENT_TARGET = 8.0;
				MTL_ENABLE_DEBUG_INFO = NO;
				SDKROOT = iphoneos;
				TARGETED_DEVICE_FAMILY = "1,2";
				VALIDATE_PRODUCT = YES;
			};
			name = Release;
		};
		32DF0F571B95C4E000467255 /* Debug */ = {
			isa = XCBuildConfiguration;
			baseConfigurationReference = 0574276F78C5040100A8F126 /* Pods.debug.xcconfig */;
			buildSettings = {
				ASSETCATALOG_COMPILER_APPICON_NAME = AppIcon;
				ASSETCATALOG_COMPILER_LAUNCHIMAGE_NAME = LaunchImage;
				CODE_SIGN_IDENTITY = "iPhone Developer";
				INFOPLIST_FILE = "vulCam eye/Info.plist";
				IPHONEOS_DEPLOYMENT_TARGET = 8.0;
				LD_RUNPATH_SEARCH_PATHS = "$(inherited) @executable_path/Frameworks";
				PRODUCT_BUNDLE_IDENTIFIER = "com.vulcanvision.$(PRODUCT_NAME:rfc1034identifier)";
				PRODUCT_NAME = "$(TARGET_NAME)";
			};
			name = Debug;
		};
		32DF0F581B95C4E000467255 /* Release */ = {
			isa = XCBuildConfiguration;
			baseConfigurationReference = E0F3FE66C916650BC3DEC008 /* Pods.release.xcconfig */;
			buildSettings = {
				ASSETCATALOG_COMPILER_APPICON_NAME = AppIcon;
				ASSETCATALOG_COMPILER_LAUNCHIMAGE_NAME = LaunchImage;
				CODE_SIGN_IDENTITY = "iPhone Developer";
				INFOPLIST_FILE = "vulCam eye/Info.plist";
				IPHONEOS_DEPLOYMENT_TARGET = 8.0;
				LD_RUNPATH_SEARCH_PATHS = "$(inherited) @executable_path/Frameworks";
				PRODUCT_BUNDLE_IDENTIFIER = "com.vulcanvision.$(PRODUCT_NAME:rfc1034identifier)";
				PRODUCT_NAME = "$(TARGET_NAME)";
			};
			name = Release;
		};
		32DF0F5A1B95C4E000467255 /* Debug */ = {
			isa = XCBuildConfiguration;
			buildSettings = {
				BUNDLE_LOADER = "$(TEST_HOST)";
				CLANG_ENABLE_MODULES = NO;
				GCC_PREPROCESSOR_DEFINITIONS = (
					"DEBUG=1",
					"$(inherited)",
				);
				INFOPLIST_FILE = "ubiQVue CamTests/Info.plist";
				LD_RUNPATH_SEARCH_PATHS = "$(inherited) @executable_path/Frameworks @loader_path/Frameworks";
				PRODUCT_BUNDLE_IDENTIFIER = "com.vulcanvision.$(PRODUCT_NAME:rfc1034identifier)";
				PRODUCT_NAME = "$(TARGET_NAME)";
				TEST_HOST = "$(BUILT_PRODUCTS_DIR)/vulCam eye.app/vulCam eye";
			};
			name = Debug;
		};
		32DF0F5B1B95C4E000467255 /* Release */ = {
			isa = XCBuildConfiguration;
			buildSettings = {
				BUNDLE_LOADER = "$(TEST_HOST)";
				CLANG_ENABLE_MODULES = NO;
				INFOPLIST_FILE = "ubiQVue CamTests/Info.plist";
				LD_RUNPATH_SEARCH_PATHS = "$(inherited) @executable_path/Frameworks @loader_path/Frameworks";
				PRODUCT_BUNDLE_IDENTIFIER = "com.vulcanvision.$(PRODUCT_NAME:rfc1034identifier)";
				PRODUCT_NAME = "$(TARGET_NAME)";
				TEST_HOST = "$(BUILT_PRODUCTS_DIR)/vulCam eye.app/vulCam eye";
			};
			name = Release;
		};
/* End XCBuildConfiguration section */

/* Begin XCConfigurationList section */
		32DF0F2E1B95C4E000467255 /* Build configuration list for PBXProject "vulCam eye" */ = {
			isa = XCConfigurationList;
			buildConfigurations = (
				32DF0F541B95C4E000467255 /* Debug */,
				32DF0F551B95C4E000467255 /* Release */,
			);
			defaultConfigurationIsVisible = 0;
			defaultConfigurationName = Release;
		};
		32DF0F561B95C4E000467255 /* Build configuration list for PBXNativeTarget "vulCam eye" */ = {
			isa = XCConfigurationList;
			buildConfigurations = (
				32DF0F571B95C4E000467255 /* Debug */,
				32DF0F581B95C4E000467255 /* Release */,
			);
			defaultConfigurationIsVisible = 0;
			defaultConfigurationName = Release;
		};
		32DF0F591B95C4E000467255 /* Build configuration list for PBXNativeTarget "vulCam eyeTests" */ = {
			isa = XCConfigurationList;
			buildConfigurations = (
				32DF0F5A1B95C4E000467255 /* Debug */,
				32DF0F5B1B95C4E000467255 /* Release */,
			);
			defaultConfigurationIsVisible = 0;
			defaultConfigurationName = Release;
		};
/* End XCConfigurationList section */
	};
	rootObject = 32DF0F2B1B95C4E000467255 /* Project object */;
}
